
Microsoft Visual Studio Solution File, Format Version 12.00
# Visual Studio 15
VisualStudioVersion = 15.0.25428.1
MinimumVisualStudioVersion = 10.0.40219.1
Project("{FAE04EC0-301F-11D3-BF4B-00C04F79EFBC}") = "AwfulRedux.UI", "AwfulRedux.UI\AwfulRedux.UI.csproj", "{361195A9-C85A-4EA1-BF49-4A861B7BC7CA}"
EndProject
Project("{FAE04EC0-301F-11D3-BF4B-00C04F79EFBC}") = "AwfulRedux.Database", "AwfulRedux.Database\AwfulRedux.Database.csproj", "{1E180038-8CD3-4006-8780-F7707AE100D4}"
EndProject
Project("{2150E333-8FDC-42A3-9474-1A3956D46DE8}") = "Core Functions", "Core Functions", "{2DCDC228-7926-4B6E-9560-F068F72954B5}"
EndProject
Project("{2150E333-8FDC-42A3-9474-1A3956D46DE8}") = "Cross Platform", "Cross Platform", "{A82BB54C-3268-4D53-8694-E119865C2E4D}"
EndProject
Project("{FAE04EC0-301F-11D3-BF4B-00C04F79EFBC}") = "AwfulWebTemplate", "AwfulWebTemplate\AwfulWebTemplate\AwfulWebTemplate.csproj", "{B159244C-199D-49B4-93F8-FAC12DE5D52A}"
EndProject
Project("{FAE04EC0-301F-11D3-BF4B-00C04F79EFBC}") = "AwfulForumsLibrary", "ExternalProjects\CoreParser\AwfulForumsLibrary\AwfulForumsLibrary.csproj", "{7AC33700-35EF-4A65-9A79-EC38DB0E3373}"
EndProject
Project("{2150E333-8FDC-42A3-9474-1A3956D46DE8}") = "Xamarin", "Xamarin", "{5174B7D1-54C9-411F-BFAF-676666CC6243}"
EndProject
Project("{FAE04EC0-301F-11D3-BF4B-00C04F79EFBC}") = "AwfulRedux_iOS", "Xamarin\AwfulRedux_iOS\AwfulRedux_iOS.csproj", "{CD3CEB73-7970-4D7E-8F18-142ED4860759}"
EndProject
Project("{FAE04EC0-301F-11D3-BF4B-00C04F79EFBC}") = "AwfulRedux_Android", "Xamarin\AwfulRedux_Android\AwfulRedux_Android.csproj", "{B8DB279A-F2E7-4DE9-BAE3-BEB2FD8E6991}"
EndProject
Project("{2150E333-8FDC-42A3-9474-1A3956D46DE8}") = "Scripts", "Scripts", "{1305A9AC-6D1C-4269-94E5-3ADFACB48B75}"
EndProject
Project("{FAE04EC0-301F-11D3-BF4B-00C04F79EFBC}") = "SmiliesParser", "Scripts\SmiliesParser\SmiliesParser.csproj", "{89E6B838-EB4C-4AF0-A491-846890C4FA14}"
EndProject
Global
	GlobalSection(SolutionConfigurationPlatforms) = preSolution
		Ad-Hoc|Any CPU = Ad-Hoc|Any CPU
		Ad-Hoc|ARM = Ad-Hoc|ARM
		Ad-Hoc|iPhone = Ad-Hoc|iPhone
		Ad-Hoc|iPhoneSimulator = Ad-Hoc|iPhoneSimulator
		Ad-Hoc|x64 = Ad-Hoc|x64
		Ad-Hoc|x86 = Ad-Hoc|x86
		AppStore|Any CPU = AppStore|Any CPU
		AppStore|ARM = AppStore|ARM
		AppStore|iPhone = AppStore|iPhone
		AppStore|iPhoneSimulator = AppStore|iPhoneSimulator
		AppStore|x64 = AppStore|x64
		AppStore|x86 = AppStore|x86
		Debug|Any CPU = Debug|Any CPU
		Debug|ARM = Debug|ARM
		Debug|iPhone = Debug|iPhone
		Debug|iPhoneSimulator = Debug|iPhoneSimulator
		Debug|x64 = Debug|x64
		Debug|x86 = Debug|x86
		Release|Any CPU = Release|Any CPU
		Release|ARM = Release|ARM
		Release|iPhone = Release|iPhone
		Release|iPhoneSimulator = Release|iPhoneSimulator
		Release|x64 = Release|x64
		Release|x86 = Release|x86
	EndGlobalSection
	GlobalSection(ProjectConfigurationPlatforms) = postSolution
		{361195A9-C85A-4EA1-BF49-4A861B7BC7CA}.Ad-Hoc|Any CPU.ActiveCfg = Release|Any CPU
		{361195A9-C85A-4EA1-BF49-4A861B7BC7CA}.Ad-Hoc|Any CPU.Build.0 = Release|Any CPU
		{361195A9-C85A-4EA1-BF49-4A861B7BC7CA}.Ad-Hoc|ARM.ActiveCfg = Release|Any CPU
		{361195A9-C85A-4EA1-BF49-4A861B7BC7CA}.Ad-Hoc|ARM.Build.0 = Release|Any CPU
		{361195A9-C85A-4EA1-BF49-4A861B7BC7CA}.Ad-Hoc|iPhone.ActiveCfg = Release|Any CPU
		{361195A9-C85A-4EA1-BF49-4A861B7BC7CA}.Ad-Hoc|iPhone.Build.0 = Release|Any CPU
		{361195A9-C85A-4EA1-BF49-4A861B7BC7CA}.Ad-Hoc|iPhoneSimulator.ActiveCfg = Release|Any CPU
		{361195A9-C85A-4EA1-BF49-4A861B7BC7CA}.Ad-Hoc|iPhoneSimulator.Build.0 = Release|Any CPU
		{361195A9-C85A-4EA1-BF49-4A861B7BC7CA}.Ad-Hoc|x64.ActiveCfg = Release|Any CPU
		{361195A9-C85A-4EA1-BF49-4A861B7BC7CA}.Ad-Hoc|x64.Build.0 = Release|Any CPU
		{361195A9-C85A-4EA1-BF49-4A861B7BC7CA}.Ad-Hoc|x86.ActiveCfg = Release|Any CPU
		{361195A9-C85A-4EA1-BF49-4A861B7BC7CA}.Ad-Hoc|x86.Build.0 = Release|Any CPU
		{361195A9-C85A-4EA1-BF49-4A861B7BC7CA}.AppStore|Any CPU.ActiveCfg = Release|Any CPU
		{361195A9-C85A-4EA1-BF49-4A861B7BC7CA}.AppStore|Any CPU.Build.0 = Release|Any CPU
		{361195A9-C85A-4EA1-BF49-4A861B7BC7CA}.AppStore|ARM.ActiveCfg = Release|Any CPU
		{361195A9-C85A-4EA1-BF49-4A861B7BC7CA}.AppStore|ARM.Build.0 = Release|Any CPU
		{361195A9-C85A-4EA1-BF49-4A861B7BC7CA}.AppStore|iPhone.ActiveCfg = Release|Any CPU
		{361195A9-C85A-4EA1-BF49-4A861B7BC7CA}.AppStore|iPhone.Build.0 = Release|Any CPU
		{361195A9-C85A-4EA1-BF49-4A861B7BC7CA}.AppStore|iPhoneSimulator.ActiveCfg = Release|Any CPU
		{361195A9-C85A-4EA1-BF49-4A861B7BC7CA}.AppStore|iPhoneSimulator.Build.0 = Release|Any CPU
		{361195A9-C85A-4EA1-BF49-4A861B7BC7CA}.AppStore|x64.ActiveCfg = Release|Any CPU
		{361195A9-C85A-4EA1-BF49-4A861B7BC7CA}.AppStore|x64.Build.0 = Release|Any CPU
		{361195A9-C85A-4EA1-BF49-4A861B7BC7CA}.AppStore|x86.ActiveCfg = Release|Any CPU
		{361195A9-C85A-4EA1-BF49-4A861B7BC7CA}.AppStore|x86.Build.0 = Release|Any CPU
		{361195A9-C85A-4EA1-BF49-4A861B7BC7CA}.Debug|Any CPU.ActiveCfg = Debug|Any CPU
		{361195A9-C85A-4EA1-BF49-4A861B7BC7CA}.Debug|Any CPU.Build.0 = Debug|Any CPU
		{361195A9-C85A-4EA1-BF49-4A861B7BC7CA}.Debug|ARM.ActiveCfg = Debug|Any CPU
		{361195A9-C85A-4EA1-BF49-4A861B7BC7CA}.Debug|ARM.Build.0 = Debug|Any CPU
		{361195A9-C85A-4EA1-BF49-4A861B7BC7CA}.Debug|iPhone.ActiveCfg = Debug|Any CPU
		{361195A9-C85A-4EA1-BF49-4A861B7BC7CA}.Debug|iPhone.Build.0 = Debug|Any CPU
		{361195A9-C85A-4EA1-BF49-4A861B7BC7CA}.Debug|iPhoneSimulator.ActiveCfg = Debug|Any CPU
		{361195A9-C85A-4EA1-BF49-4A861B7BC7CA}.Debug|iPhoneSimulator.Build.0 = Debug|Any CPU
		{361195A9-C85A-4EA1-BF49-4A861B7BC7CA}.Debug|x64.ActiveCfg = Debug|Any CPU
		{361195A9-C85A-4EA1-BF49-4A861B7BC7CA}.Debug|x64.Build.0 = Debug|Any CPU
		{361195A9-C85A-4EA1-BF49-4A861B7BC7CA}.Debug|x86.ActiveCfg = Debug|Any CPU
		{361195A9-C85A-4EA1-BF49-4A861B7BC7CA}.Debug|x86.Build.0 = Debug|Any CPU
		{361195A9-C85A-4EA1-BF49-4A861B7BC7CA}.Release|Any CPU.ActiveCfg = Release|Any CPU
		{361195A9-C85A-4EA1-BF49-4A861B7BC7CA}.Release|Any CPU.Build.0 = Release|Any CPU
		{361195A9-C85A-4EA1-BF49-4A861B7BC7CA}.Release|ARM.ActiveCfg = Release|Any CPU
		{361195A9-C85A-4EA1-BF49-4A861B7BC7CA}.Release|ARM.Build.0 = Release|Any CPU
		{361195A9-C85A-4EA1-BF49-4A861B7BC7CA}.Release|iPhone.ActiveCfg = Release|Any CPU
		{361195A9-C85A-4EA1-BF49-4A861B7BC7CA}.Release|iPhone.Build.0 = Release|Any CPU
		{361195A9-C85A-4EA1-BF49-4A861B7BC7CA}.Release|iPhoneSimulator.ActiveCfg = Release|Any CPU
		{361195A9-C85A-4EA1-BF49-4A861B7BC7CA}.Release|iPhoneSimulator.Build.0 = Release|Any CPU
		{361195A9-C85A-4EA1-BF49-4A861B7BC7CA}.Release|x64.ActiveCfg = Release|Any CPU
		{361195A9-C85A-4EA1-BF49-4A861B7BC7CA}.Release|x64.Build.0 = Release|Any CPU
		{361195A9-C85A-4EA1-BF49-4A861B7BC7CA}.Release|x86.ActiveCfg = Release|Any CPU
		{361195A9-C85A-4EA1-BF49-4A861B7BC7CA}.Release|x86.Build.0 = Release|Any CPU
		{1E180038-8CD3-4006-8780-F7707AE100D4}.Ad-Hoc|Any CPU.ActiveCfg = Release|Any CPU
		{1E180038-8CD3-4006-8780-F7707AE100D4}.Ad-Hoc|Any CPU.Build.0 = Release|Any CPU
		{1E180038-8CD3-4006-8780-F7707AE100D4}.Ad-Hoc|ARM.ActiveCfg = Release|Any CPU
		{1E180038-8CD3-4006-8780-F7707AE100D4}.Ad-Hoc|ARM.Build.0 = Release|Any CPU
		{1E180038-8CD3-4006-8780-F7707AE100D4}.Ad-Hoc|iPhone.ActiveCfg = Release|Any CPU
		{1E180038-8CD3-4006-8780-F7707AE100D4}.Ad-Hoc|iPhone.Build.0 = Release|Any CPU
		{1E180038-8CD3-4006-8780-F7707AE100D4}.Ad-Hoc|iPhoneSimulator.ActiveCfg = Release|Any CPU
		{1E180038-8CD3-4006-8780-F7707AE100D4}.Ad-Hoc|iPhoneSimulator.Build.0 = Release|Any CPU
		{1E180038-8CD3-4006-8780-F7707AE100D4}.Ad-Hoc|x64.ActiveCfg = Release|Any CPU
		{1E180038-8CD3-4006-8780-F7707AE100D4}.Ad-Hoc|x64.Build.0 = Release|Any CPU
		{1E180038-8CD3-4006-8780-F7707AE100D4}.Ad-Hoc|x86.ActiveCfg = Release|Any CPU
		{1E180038-8CD3-4006-8780-F7707AE100D4}.Ad-Hoc|x86.Build.0 = Release|Any CPU
		{1E180038-8CD3-4006-8780-F7707AE100D4}.AppStore|Any CPU.ActiveCfg = Release|Any CPU
		{1E180038-8CD3-4006-8780-F7707AE100D4}.AppStore|Any CPU.Build.0 = Release|Any CPU
		{1E180038-8CD3-4006-8780-F7707AE100D4}.AppStore|ARM.ActiveCfg = Release|Any CPU
		{1E180038-8CD3-4006-8780-F7707AE100D4}.AppStore|ARM.Build.0 = Release|Any CPU
		{1E180038-8CD3-4006-8780-F7707AE100D4}.AppStore|iPhone.ActiveCfg = Release|Any CPU
		{1E180038-8CD3-4006-8780-F7707AE100D4}.AppStore|iPhone.Build.0 = Release|Any CPU
		{1E180038-8CD3-4006-8780-F7707AE100D4}.AppStore|iPhoneSimulator.ActiveCfg = Release|Any CPU
		{1E180038-8CD3-4006-8780-F7707AE100D4}.AppStore|iPhoneSimulator.Build.0 = Release|Any CPU
		{1E180038-8CD3-4006-8780-F7707AE100D4}.AppStore|x64.ActiveCfg = Release|Any CPU
		{1E180038-8CD3-4006-8780-F7707AE100D4}.AppStore|x64.Build.0 = Release|Any CPU
		{1E180038-8CD3-4006-8780-F7707AE100D4}.AppStore|x86.ActiveCfg = Release|Any CPU
		{1E180038-8CD3-4006-8780-F7707AE100D4}.AppStore|x86.Build.0 = Release|Any CPU
		{1E180038-8CD3-4006-8780-F7707AE100D4}.Debug|Any CPU.ActiveCfg = Debug|Any CPU
		{1E180038-8CD3-4006-8780-F7707AE100D4}.Debug|Any CPU.Build.0 = Debug|Any CPU
		{1E180038-8CD3-4006-8780-F7707AE100D4}.Debug|ARM.ActiveCfg = Debug|Any CPU
		{1E180038-8CD3-4006-8780-F7707AE100D4}.Debug|ARM.Build.0 = Debug|Any CPU
		{1E180038-8CD3-4006-8780-F7707AE100D4}.Debug|iPhone.ActiveCfg = Debug|Any CPU
		{1E180038-8CD3-4006-8780-F7707AE100D4}.Debug|iPhone.Build.0 = Debug|Any CPU
		{1E180038-8CD3-4006-8780-F7707AE100D4}.Debug|iPhoneSimulator.ActiveCfg = Debug|Any CPU
		{1E180038-8CD3-4006-8780-F7707AE100D4}.Debug|iPhoneSimulator.Build.0 = Debug|Any CPU
		{1E180038-8CD3-4006-8780-F7707AE100D4}.Debug|x64.ActiveCfg = Debug|Any CPU
		{1E180038-8CD3-4006-8780-F7707AE100D4}.Debug|x64.Build.0 = Debug|Any CPU
		{1E180038-8CD3-4006-8780-F7707AE100D4}.Debug|x86.ActiveCfg = Debug|Any CPU
		{1E180038-8CD3-4006-8780-F7707AE100D4}.Debug|x86.Build.0 = Debug|Any CPU
		{1E180038-8CD3-4006-8780-F7707AE100D4}.Release|Any CPU.ActiveCfg = Release|Any CPU
		{1E180038-8CD3-4006-8780-F7707AE100D4}.Release|Any CPU.Build.0 = Release|Any CPU
		{1E180038-8CD3-4006-8780-F7707AE100D4}.Release|ARM.ActiveCfg = Release|Any CPU
		{1E180038-8CD3-4006-8780-F7707AE100D4}.Release|ARM.Build.0 = Release|Any CPU
		{1E180038-8CD3-4006-8780-F7707AE100D4}.Release|iPhone.ActiveCfg = Release|Any CPU
		{1E180038-8CD3-4006-8780-F7707AE100D4}.Release|iPhone.Build.0 = Release|Any CPU
		{1E180038-8CD3-4006-8780-F7707AE100D4}.Release|iPhoneSimulator.ActiveCfg = Release|Any CPU
		{1E180038-8CD3-4006-8780-F7707AE100D4}.Release|iPhoneSimulator.Build.0 = Release|Any CPU
		{1E180038-8CD3-4006-8780-F7707AE100D4}.Release|x64.ActiveCfg = Release|Any CPU
		{1E180038-8CD3-4006-8780-F7707AE100D4}.Release|x64.Build.0 = Release|Any CPU
		{1E180038-8CD3-4006-8780-F7707AE100D4}.Release|x86.ActiveCfg = Release|Any CPU
		{1E180038-8CD3-4006-8780-F7707AE100D4}.Release|x86.Build.0 = Release|Any CPU
		{B159244C-199D-49B4-93F8-FAC12DE5D52A}.Ad-Hoc|Any CPU.ActiveCfg = Release|Any CPU
		{B159244C-199D-49B4-93F8-FAC12DE5D52A}.Ad-Hoc|Any CPU.Build.0 = Release|Any CPU
		{B159244C-199D-49B4-93F8-FAC12DE5D52A}.Ad-Hoc|ARM.ActiveCfg = Release|Any CPU
		{B159244C-199D-49B4-93F8-FAC12DE5D52A}.Ad-Hoc|ARM.Build.0 = Release|Any CPU
		{B159244C-199D-49B4-93F8-FAC12DE5D52A}.Ad-Hoc|iPhone.ActiveCfg = Release|Any CPU
		{B159244C-199D-49B4-93F8-FAC12DE5D52A}.Ad-Hoc|iPhone.Build.0 = Release|Any CPU
		{B159244C-199D-49B4-93F8-FAC12DE5D52A}.Ad-Hoc|iPhoneSimulator.ActiveCfg = Release|Any CPU
		{B159244C-199D-49B4-93F8-FAC12DE5D52A}.Ad-Hoc|iPhoneSimulator.Build.0 = Release|Any CPU
		{B159244C-199D-49B4-93F8-FAC12DE5D52A}.Ad-Hoc|x64.ActiveCfg = Release|Any CPU
		{B159244C-199D-49B4-93F8-FAC12DE5D52A}.Ad-Hoc|x64.Build.0 = Release|Any CPU
		{B159244C-199D-49B4-93F8-FAC12DE5D52A}.Ad-Hoc|x86.ActiveCfg = Release|Any CPU
		{B159244C-199D-49B4-93F8-FAC12DE5D52A}.Ad-Hoc|x86.Build.0 = Release|Any CPU
		{B159244C-199D-49B4-93F8-FAC12DE5D52A}.AppStore|Any CPU.ActiveCfg = Release|Any CPU
		{B159244C-199D-49B4-93F8-FAC12DE5D52A}.AppStore|Any CPU.Build.0 = Release|Any CPU
		{B159244C-199D-49B4-93F8-FAC12DE5D52A}.AppStore|ARM.ActiveCfg = Release|Any CPU
		{B159244C-199D-49B4-93F8-FAC12DE5D52A}.AppStore|ARM.Build.0 = Release|Any CPU
		{B159244C-199D-49B4-93F8-FAC12DE5D52A}.AppStore|iPhone.ActiveCfg = Release|Any CPU
		{B159244C-199D-49B4-93F8-FAC12DE5D52A}.AppStore|iPhone.Build.0 = Release|Any CPU
		{B159244C-199D-49B4-93F8-FAC12DE5D52A}.AppStore|iPhoneSimulator.ActiveCfg = Release|Any CPU
		{B159244C-199D-49B4-93F8-FAC12DE5D52A}.AppStore|iPhoneSimulator.Build.0 = Release|Any CPU
		{B159244C-199D-49B4-93F8-FAC12DE5D52A}.AppStore|x64.ActiveCfg = Release|Any CPU
		{B159244C-199D-49B4-93F8-FAC12DE5D52A}.AppStore|x64.Build.0 = Release|Any CPU
		{B159244C-199D-49B4-93F8-FAC12DE5D52A}.AppStore|x86.ActiveCfg = Release|Any CPU
		{B159244C-199D-49B4-93F8-FAC12DE5D52A}.AppStore|x86.Build.0 = Release|Any CPU
		{B159244C-199D-49B4-93F8-FAC12DE5D52A}.Debug|Any CPU.ActiveCfg = Debug|Any CPU
		{B159244C-199D-49B4-93F8-FAC12DE5D52A}.Debug|Any CPU.Build.0 = Debug|Any CPU
		{B159244C-199D-49B4-93F8-FAC12DE5D52A}.Debug|ARM.ActiveCfg = Debug|Any CPU
		{B159244C-199D-49B4-93F8-FAC12DE5D52A}.Debug|ARM.Build.0 = Debug|Any CPU
		{B159244C-199D-49B4-93F8-FAC12DE5D52A}.Debug|iPhone.ActiveCfg = Debug|Any CPU
		{B159244C-199D-49B4-93F8-FAC12DE5D52A}.Debug|iPhone.Build.0 = Debug|Any CPU
		{B159244C-199D-49B4-93F8-FAC12DE5D52A}.Debug|iPhoneSimulator.ActiveCfg = Debug|Any CPU
		{B159244C-199D-49B4-93F8-FAC12DE5D52A}.Debug|iPhoneSimulator.Build.0 = Debug|Any CPU
		{B159244C-199D-49B4-93F8-FAC12DE5D52A}.Debug|x64.ActiveCfg = Debug|Any CPU
		{B159244C-199D-49B4-93F8-FAC12DE5D52A}.Debug|x64.Build.0 = Debug|Any CPU
		{B159244C-199D-49B4-93F8-FAC12DE5D52A}.Debug|x86.ActiveCfg = Debug|Any CPU
		{B159244C-199D-49B4-93F8-FAC12DE5D52A}.Debug|x86.Build.0 = Debug|Any CPU
		{B159244C-199D-49B4-93F8-FAC12DE5D52A}.Release|Any CPU.ActiveCfg = Release|Any CPU
		{B159244C-199D-49B4-93F8-FAC12DE5D52A}.Release|Any CPU.Build.0 = Release|Any CPU
		{B159244C-199D-49B4-93F8-FAC12DE5D52A}.Release|ARM.ActiveCfg = Release|Any CPU
		{B159244C-199D-49B4-93F8-FAC12DE5D52A}.Release|ARM.Build.0 = Release|Any CPU
		{B159244C-199D-49B4-93F8-FAC12DE5D52A}.Release|iPhone.ActiveCfg = Release|Any CPU
		{B159244C-199D-49B4-93F8-FAC12DE5D52A}.Release|iPhone.Build.0 = Release|Any CPU
		{B159244C-199D-49B4-93F8-FAC12DE5D52A}.Release|iPhoneSimulator.ActiveCfg = Release|Any CPU
		{B159244C-199D-49B4-93F8-FAC12DE5D52A}.Release|iPhoneSimulator.Build.0 = Release|Any CPU
		{B159244C-199D-49B4-93F8-FAC12DE5D52A}.Release|x64.ActiveCfg = Release|Any CPU
		{B159244C-199D-49B4-93F8-FAC12DE5D52A}.Release|x64.Build.0 = Release|Any CPU
		{B159244C-199D-49B4-93F8-FAC12DE5D52A}.Release|x86.ActiveCfg = Release|Any CPU
		{B159244C-199D-49B4-93F8-FAC12DE5D52A}.Release|x86.Build.0 = Release|Any CPU
		{7AC33700-35EF-4A65-9A79-EC38DB0E3373}.Ad-Hoc|Any CPU.ActiveCfg = Release|Any CPU
		{7AC33700-35EF-4A65-9A79-EC38DB0E3373}.Ad-Hoc|Any CPU.Build.0 = Release|Any CPU
		{7AC33700-35EF-4A65-9A79-EC38DB0E3373}.Ad-Hoc|ARM.ActiveCfg = Release|Any CPU
		{7AC33700-35EF-4A65-9A79-EC38DB0E3373}.Ad-Hoc|ARM.Build.0 = Release|Any CPU
		{7AC33700-35EF-4A65-9A79-EC38DB0E3373}.Ad-Hoc|iPhone.ActiveCfg = Release|Any CPU
		{7AC33700-35EF-4A65-9A79-EC38DB0E3373}.Ad-Hoc|iPhone.Build.0 = Release|Any CPU
		{7AC33700-35EF-4A65-9A79-EC38DB0E3373}.Ad-Hoc|iPhoneSimulator.ActiveCfg = Release|Any CPU
		{7AC33700-35EF-4A65-9A79-EC38DB0E3373}.Ad-Hoc|iPhoneSimulator.Build.0 = Release|Any CPU
		{7AC33700-35EF-4A65-9A79-EC38DB0E3373}.Ad-Hoc|x64.ActiveCfg = Release|x64
		{7AC33700-35EF-4A65-9A79-EC38DB0E3373}.Ad-Hoc|x64.Build.0 = Release|x64
		{7AC33700-35EF-4A65-9A79-EC38DB0E3373}.Ad-Hoc|x86.ActiveCfg = Release|Any CPU
		{7AC33700-35EF-4A65-9A79-EC38DB0E3373}.Ad-Hoc|x86.Build.0 = Release|Any CPU
		{7AC33700-35EF-4A65-9A79-EC38DB0E3373}.AppStore|Any CPU.ActiveCfg = Release|Any CPU
		{7AC33700-35EF-4A65-9A79-EC38DB0E3373}.AppStore|Any CPU.Build.0 = Release|Any CPU
		{7AC33700-35EF-4A65-9A79-EC38DB0E3373}.AppStore|ARM.ActiveCfg = Release|Any CPU
		{7AC33700-35EF-4A65-9A79-EC38DB0E3373}.AppStore|ARM.Build.0 = Release|Any CPU
		{7AC33700-35EF-4A65-9A79-EC38DB0E3373}.AppStore|iPhone.ActiveCfg = Release|Any CPU
		{7AC33700-35EF-4A65-9A79-EC38DB0E3373}.AppStore|iPhone.Build.0 = Release|Any CPU
		{7AC33700-35EF-4A65-9A79-EC38DB0E3373}.AppStore|iPhoneSimulator.ActiveCfg = Release|Any CPU
		{7AC33700-35EF-4A65-9A79-EC38DB0E3373}.AppStore|iPhoneSimulator.Build.0 = Release|Any CPU
		{7AC33700-35EF-4A65-9A79-EC38DB0E3373}.AppStore|x64.ActiveCfg = Release|x64
		{7AC33700-35EF-4A65-9A79-EC38DB0E3373}.AppStore|x64.Build.0 = Release|x64
		{7AC33700-35EF-4A65-9A79-EC38DB0E3373}.AppStore|x86.ActiveCfg = Release|Any CPU
		{7AC33700-35EF-4A65-9A79-EC38DB0E3373}.AppStore|x86.Build.0 = Release|Any CPU
		{7AC33700-35EF-4A65-9A79-EC38DB0E3373}.Debug|Any CPU.ActiveCfg = Debug|Any CPU
		{7AC33700-35EF-4A65-9A79-EC38DB0E3373}.Debug|Any CPU.Build.0 = Debug|Any CPU
		{7AC33700-35EF-4A65-9A79-EC38DB0E3373}.Debug|ARM.ActiveCfg = Debug|Any CPU
		{7AC33700-35EF-4A65-9A79-EC38DB0E3373}.Debug|ARM.Build.0 = Debug|Any CPU
		{7AC33700-35EF-4A65-9A79-EC38DB0E3373}.Debug|iPhone.ActiveCfg = Debug|Any CPU
		{7AC33700-35EF-4A65-9A79-EC38DB0E3373}.Debug|iPhone.Build.0 = Debug|Any CPU
		{7AC33700-35EF-4A65-9A79-EC38DB0E3373}.Debug|iPhoneSimulator.ActiveCfg = Debug|Any CPU
		{7AC33700-35EF-4A65-9A79-EC38DB0E3373}.Debug|iPhoneSimulator.Build.0 = Debug|Any CPU
		{7AC33700-35EF-4A65-9A79-EC38DB0E3373}.Debug|x64.ActiveCfg = Debug|x64
		{7AC33700-35EF-4A65-9A79-EC38DB0E3373}.Debug|x64.Build.0 = Debug|x64
		{7AC33700-35EF-4A65-9A79-EC38DB0E3373}.Debug|x86.ActiveCfg = Debug|Any CPU
		{7AC33700-35EF-4A65-9A79-EC38DB0E3373}.Debug|x86.Build.0 = Debug|Any CPU
		{7AC33700-35EF-4A65-9A79-EC38DB0E3373}.Release|Any CPU.ActiveCfg = Release|Any CPU
		{7AC33700-35EF-4A65-9A79-EC38DB0E3373}.Release|Any CPU.Build.0 = Release|Any CPU
		{7AC33700-35EF-4A65-9A79-EC38DB0E3373}.Release|ARM.ActiveCfg = Release|Any CPU
		{7AC33700-35EF-4A65-9A79-EC38DB0E3373}.Release|ARM.Build.0 = Release|Any CPU
		{7AC33700-35EF-4A65-9A79-EC38DB0E3373}.Release|iPhone.ActiveCfg = Release|Any CPU
		{7AC33700-35EF-4A65-9A79-EC38DB0E3373}.Release|iPhone.Build.0 = Release|Any CPU
		{7AC33700-35EF-4A65-9A79-EC38DB0E3373}.Release|iPhoneSimulator.ActiveCfg = Release|Any CPU
		{7AC33700-35EF-4A65-9A79-EC38DB0E3373}.Release|iPhoneSimulator.Build.0 = Release|Any CPU
		{7AC33700-35EF-4A65-9A79-EC38DB0E3373}.Release|x64.ActiveCfg = Release|x64
		{7AC33700-35EF-4A65-9A79-EC38DB0E3373}.Release|x64.Build.0 = Release|x64
		{7AC33700-35EF-4A65-9A79-EC38DB0E3373}.Release|x86.ActiveCfg = Release|Any CPU
		{7AC33700-35EF-4A65-9A79-EC38DB0E3373}.Release|x86.Build.0 = Release|Any CPU
		{CD3CEB73-7970-4D7E-8F18-142ED4860759}.Ad-Hoc|Any CPU.ActiveCfg = Debug|iPhoneSimulator
		{CD3CEB73-7970-4D7E-8F18-142ED4860759}.Ad-Hoc|Any CPU.Build.0 = Debug|iPhoneSimulator
		{CD3CEB73-7970-4D7E-8F18-142ED4860759}.Ad-Hoc|ARM.ActiveCfg = Debug|iPhoneSimulator
		{CD3CEB73-7970-4D7E-8F18-142ED4860759}.Ad-Hoc|ARM.Build.0 = Debug|iPhoneSimulator
		{CD3CEB73-7970-4D7E-8F18-142ED4860759}.Ad-Hoc|iPhone.ActiveCfg = Release|iPhone
		{CD3CEB73-7970-4D7E-8F18-142ED4860759}.Ad-Hoc|iPhone.Build.0 = Release|iPhone
		{CD3CEB73-7970-4D7E-8F18-142ED4860759}.Ad-Hoc|iPhoneSimulator.ActiveCfg = Debug|iPhoneSimulator
		{CD3CEB73-7970-4D7E-8F18-142ED4860759}.Ad-Hoc|iPhoneSimulator.Build.0 = Debug|iPhoneSimulator
		{CD3CEB73-7970-4D7E-8F18-142ED4860759}.Ad-Hoc|x64.ActiveCfg = Debug|iPhoneSimulator
		{CD3CEB73-7970-4D7E-8F18-142ED4860759}.Ad-Hoc|x64.Build.0 = Debug|iPhoneSimulator
		{CD3CEB73-7970-4D7E-8F18-142ED4860759}.Ad-Hoc|x86.ActiveCfg = Debug|iPhoneSimulator
		{CD3CEB73-7970-4D7E-8F18-142ED4860759}.Ad-Hoc|x86.Build.0 = Debug|iPhoneSimulator
		{CD3CEB73-7970-4D7E-8F18-142ED4860759}.AppStore|Any CPU.ActiveCfg = Debug|iPhoneSimulator
		{CD3CEB73-7970-4D7E-8F18-142ED4860759}.AppStore|Any CPU.Build.0 = Debug|iPhoneSimulator
		{CD3CEB73-7970-4D7E-8F18-142ED4860759}.AppStore|ARM.ActiveCfg = Debug|iPhoneSimulator
		{CD3CEB73-7970-4D7E-8F18-142ED4860759}.AppStore|ARM.Build.0 = Debug|iPhoneSimulator
		{CD3CEB73-7970-4D7E-8F18-142ED4860759}.AppStore|iPhone.ActiveCfg = Release|iPhone
		{CD3CEB73-7970-4D7E-8F18-142ED4860759}.AppStore|iPhone.Build.0 = Release|iPhone
		{CD3CEB73-7970-4D7E-8F18-142ED4860759}.AppStore|iPhoneSimulator.ActiveCfg = Debug|iPhoneSimulator
		{CD3CEB73-7970-4D7E-8F18-142ED4860759}.AppStore|iPhoneSimulator.Build.0 = Debug|iPhoneSimulator
		{CD3CEB73-7970-4D7E-8F18-142ED4860759}.AppStore|x64.ActiveCfg = Debug|iPhoneSimulator
		{CD3CEB73-7970-4D7E-8F18-142ED4860759}.AppStore|x64.Build.0 = Debug|iPhoneSimulator
		{CD3CEB73-7970-4D7E-8F18-142ED4860759}.AppStore|x86.ActiveCfg = Debug|iPhoneSimulator
		{CD3CEB73-7970-4D7E-8F18-142ED4860759}.AppStore|x86.Build.0 = Debug|iPhoneSimulator
		{CD3CEB73-7970-4D7E-8F18-142ED4860759}.Debug|Any CPU.ActiveCfg = Debug|iPhoneSimulator
		{CD3CEB73-7970-4D7E-8F18-142ED4860759}.Debug|Any CPU.Build.0 = Debug|iPhoneSimulator
		{CD3CEB73-7970-4D7E-8F18-142ED4860759}.Debug|ARM.ActiveCfg = Debug|iPhoneSimulator
		{CD3CEB73-7970-4D7E-8F18-142ED4860759}.Debug|ARM.Build.0 = Debug|iPhoneSimulator
		{CD3CEB73-7970-4D7E-8F18-142ED4860759}.Debug|iPhone.ActiveCfg = Debug|iPhone
		{CD3CEB73-7970-4D7E-8F18-142ED4860759}.Debug|iPhone.Build.0 = Debug|iPhone
		{CD3CEB73-7970-4D7E-8F18-142ED4860759}.Debug|iPhoneSimulator.ActiveCfg = Debug|iPhoneSimulator
		{CD3CEB73-7970-4D7E-8F18-142ED4860759}.Debug|iPhoneSimulator.Build.0 = Debug|iPhoneSimulator
		{CD3CEB73-7970-4D7E-8F18-142ED4860759}.Debug|x64.ActiveCfg = Debug|iPhoneSimulator
		{CD3CEB73-7970-4D7E-8F18-142ED4860759}.Debug|x64.Build.0 = Debug|iPhoneSimulator
		{CD3CEB73-7970-4D7E-8F18-142ED4860759}.Debug|x86.ActiveCfg = Debug|iPhoneSimulator
		{CD3CEB73-7970-4D7E-8F18-142ED4860759}.Debug|x86.Build.0 = Debug|iPhoneSimulator
		{CD3CEB73-7970-4D7E-8F18-142ED4860759}.Release|Any CPU.ActiveCfg = Release|iPhone
		{CD3CEB73-7970-4D7E-8F18-142ED4860759}.Release|Any CPU.Build.0 = Release|iPhone
		{CD3CEB73-7970-4D7E-8F18-142ED4860759}.Release|ARM.ActiveCfg = Release|iPhone
		{CD3CEB73-7970-4D7E-8F18-142ED4860759}.Release|ARM.Build.0 = Release|iPhone
		{CD3CEB73-7970-4D7E-8F18-142ED4860759}.Release|iPhone.ActiveCfg = Release|iPhone
		{CD3CEB73-7970-4D7E-8F18-142ED4860759}.Release|iPhone.Build.0 = Release|iPhone
		{CD3CEB73-7970-4D7E-8F18-142ED4860759}.Release|iPhoneSimulator.ActiveCfg = Release|iPhoneSimulator
		{CD3CEB73-7970-4D7E-8F18-142ED4860759}.Release|iPhoneSimulator.Build.0 = Release|iPhoneSimulator
		{CD3CEB73-7970-4D7E-8F18-142ED4860759}.Release|x64.ActiveCfg = Release|iPhone
		{CD3CEB73-7970-4D7E-8F18-142ED4860759}.Release|x64.Build.0 = Release|iPhone
		{CD3CEB73-7970-4D7E-8F18-142ED4860759}.Release|x86.ActiveCfg = Release|iPhone
		{CD3CEB73-7970-4D7E-8F18-142ED4860759}.Release|x86.Build.0 = Release|iPhone
		{B8DB279A-F2E7-4DE9-BAE3-BEB2FD8E6991}.Ad-Hoc|Any CPU.ActiveCfg = Debug|Any CPU
		{B8DB279A-F2E7-4DE9-BAE3-BEB2FD8E6991}.Ad-Hoc|Any CPU.Build.0 = Debug|Any CPU
		{B8DB279A-F2E7-4DE9-BAE3-BEB2FD8E6991}.Ad-Hoc|ARM.ActiveCfg = Debug|Any CPU
		{B8DB279A-F2E7-4DE9-BAE3-BEB2FD8E6991}.Ad-Hoc|ARM.Build.0 = Debug|Any CPU
		{B8DB279A-F2E7-4DE9-BAE3-BEB2FD8E6991}.Ad-Hoc|iPhone.ActiveCfg = Release|Any CPU
		{B8DB279A-F2E7-4DE9-BAE3-BEB2FD8E6991}.Ad-Hoc|iPhone.Build.0 = Release|Any CPU
		{B8DB279A-F2E7-4DE9-BAE3-BEB2FD8E6991}.Ad-Hoc|iPhoneSimulator.ActiveCfg = Debug|Any CPU
		{B8DB279A-F2E7-4DE9-BAE3-BEB2FD8E6991}.Ad-Hoc|iPhoneSimulator.Build.0 = Debug|Any CPU
		{B8DB279A-F2E7-4DE9-BAE3-BEB2FD8E6991}.Ad-Hoc|x64.ActiveCfg = Debug|Any CPU
		{B8DB279A-F2E7-4DE9-BAE3-BEB2FD8E6991}.Ad-Hoc|x64.Build.0 = Debug|Any CPU
		{B8DB279A-F2E7-4DE9-BAE3-BEB2FD8E6991}.Ad-Hoc|x86.ActiveCfg = Debug|Any CPU
		{B8DB279A-F2E7-4DE9-BAE3-BEB2FD8E6991}.Ad-Hoc|x86.Build.0 = Debug|Any CPU
		{B8DB279A-F2E7-4DE9-BAE3-BEB2FD8E6991}.AppStore|Any CPU.ActiveCfg = Debug|Any CPU
		{B8DB279A-F2E7-4DE9-BAE3-BEB2FD8E6991}.AppStore|Any CPU.Build.0 = Debug|Any CPU
		{B8DB279A-F2E7-4DE9-BAE3-BEB2FD8E6991}.AppStore|ARM.ActiveCfg = Debug|Any CPU
		{B8DB279A-F2E7-4DE9-BAE3-BEB2FD8E6991}.AppStore|ARM.Build.0 = Debug|Any CPU
		{B8DB279A-F2E7-4DE9-BAE3-BEB2FD8E6991}.AppStore|iPhone.ActiveCfg = Release|Any CPU
		{B8DB279A-F2E7-4DE9-BAE3-BEB2FD8E6991}.AppStore|iPhone.Build.0 = Release|Any CPU
		{B8DB279A-F2E7-4DE9-BAE3-BEB2FD8E6991}.AppStore|iPhoneSimulator.ActiveCfg = Debug|Any CPU
		{B8DB279A-F2E7-4DE9-BAE3-BEB2FD8E6991}.AppStore|iPhoneSimulator.Build.0 = Debug|Any CPU
		{B8DB279A-F2E7-4DE9-BAE3-BEB2FD8E6991}.AppStore|x64.ActiveCfg = Debug|Any CPU
		{B8DB279A-F2E7-4DE9-BAE3-BEB2FD8E6991}.AppStore|x64.Build.0 = Debug|Any CPU
		{B8DB279A-F2E7-4DE9-BAE3-BEB2FD8E6991}.AppStore|x86.ActiveCfg = Debug|Any CPU
		{B8DB279A-F2E7-4DE9-BAE3-BEB2FD8E6991}.AppStore|x86.Build.0 = Debug|Any CPU
		{B8DB279A-F2E7-4DE9-BAE3-BEB2FD8E6991}.Debug|Any CPU.ActiveCfg = Debug|Any CPU
		{B8DB279A-F2E7-4DE9-BAE3-BEB2FD8E6991}.Debug|Any CPU.Build.0 = Debug|Any CPU
		{B8DB279A-F2E7-4DE9-BAE3-BEB2FD8E6991}.Debug|ARM.ActiveCfg = Debug|Any CPU
		{B8DB279A-F2E7-4DE9-BAE3-BEB2FD8E6991}.Debug|ARM.Build.0 = Debug|Any CPU
		{B8DB279A-F2E7-4DE9-BAE3-BEB2FD8E6991}.Debug|iPhone.ActiveCfg = Debug|Any CPU
		{B8DB279A-F2E7-4DE9-BAE3-BEB2FD8E6991}.Debug|iPhone.Build.0 = Debug|Any CPU
		{B8DB279A-F2E7-4DE9-BAE3-BEB2FD8E6991}.Debug|iPhoneSimulator.ActiveCfg = Debug|Any CPU
		{B8DB279A-F2E7-4DE9-BAE3-BEB2FD8E6991}.Debug|iPhoneSimulator.Build.0 = Debug|Any CPU
		{B8DB279A-F2E7-4DE9-BAE3-BEB2FD8E6991}.Debug|x64.ActiveCfg = Debug|Any CPU
		{B8DB279A-F2E7-4DE9-BAE3-BEB2FD8E6991}.Debug|x64.Build.0 = Debug|Any CPU
		{B8DB279A-F2E7-4DE9-BAE3-BEB2FD8E6991}.Debug|x86.ActiveCfg = Debug|Any CPU
		{B8DB279A-F2E7-4DE9-BAE3-BEB2FD8E6991}.Debug|x86.Build.0 = Debug|Any CPU
		{B8DB279A-F2E7-4DE9-BAE3-BEB2FD8E6991}.Release|Any CPU.ActiveCfg = Release|Any CPU
		{B8DB279A-F2E7-4DE9-BAE3-BEB2FD8E6991}.Release|Any CPU.Build.0 = Release|Any CPU
		{B8DB279A-F2E7-4DE9-BAE3-BEB2FD8E6991}.Release|ARM.ActiveCfg = Release|Any CPU
		{B8DB279A-F2E7-4DE9-BAE3-BEB2FD8E6991}.Release|ARM.Build.0 = Release|Any CPU
		{B8DB279A-F2E7-4DE9-BAE3-BEB2FD8E6991}.Release|iPhone.ActiveCfg = Release|Any CPU
		{B8DB279A-F2E7-4DE9-BAE3-BEB2FD8E6991}.Release|iPhone.Build.0 = Release|Any CPU
		{B8DB279A-F2E7-4DE9-BAE3-BEB2FD8E6991}.Release|iPhoneSimulator.ActiveCfg = Release|Any CPU
		{B8DB279A-F2E7-4DE9-BAE3-BEB2FD8E6991}.Release|iPhoneSimulator.Build.0 = Release|Any CPU
		{B8DB279A-F2E7-4DE9-BAE3-BEB2FD8E6991}.Release|x64.ActiveCfg = Release|Any CPU
		{B8DB279A-F2E7-4DE9-BAE3-BEB2FD8E6991}.Release|x64.Build.0 = Release|Any CPU
		{B8DB279A-F2E7-4DE9-BAE3-BEB2FD8E6991}.Release|x86.ActiveCfg = Release|Any CPU
		{B8DB279A-F2E7-4DE9-BAE3-BEB2FD8E6991}.Release|x86.Build.0 = Release|Any CPU
		{89E6B838-EB4C-4AF0-A491-846890C4FA14}.Ad-Hoc|Any CPU.ActiveCfg = Debug|Any CPU
		{89E6B838-EB4C-4AF0-A491-846890C4FA14}.Ad-Hoc|Any CPU.Build.0 = Debug|Any CPU
		{89E6B838-EB4C-4AF0-A491-846890C4FA14}.Ad-Hoc|ARM.ActiveCfg = Debug|Any CPU
		{89E6B838-EB4C-4AF0-A491-846890C4FA14}.Ad-Hoc|ARM.Build.0 = Debug|Any CPU
		{89E6B838-EB4C-4AF0-A491-846890C4FA14}.Ad-Hoc|iPhone.ActiveCfg = Release|Any CPU
		{89E6B838-EB4C-4AF0-A491-846890C4FA14}.Ad-Hoc|iPhone.Build.0 = Release|Any CPU
		{89E6B838-EB4C-4AF0-A491-846890C4FA14}.Ad-Hoc|iPhoneSimulator.ActiveCfg = Debug|Any CPU
		{89E6B838-EB4C-4AF0-A491-846890C4FA14}.Ad-Hoc|iPhoneSimulator.Build.0 = Debug|Any CPU
		{89E6B838-EB4C-4AF0-A491-846890C4FA14}.Ad-Hoc|x64.ActiveCfg = Debug|Any CPU
		{89E6B838-EB4C-4AF0-A491-846890C4FA14}.Ad-Hoc|x64.Build.0 = Debug|Any CPU
		{89E6B838-EB4C-4AF0-A491-846890C4FA14}.Ad-Hoc|x86.ActiveCfg = Debug|Any CPU
		{89E6B838-EB4C-4AF0-A491-846890C4FA14}.Ad-Hoc|x86.Build.0 = Debug|Any CPU
		{89E6B838-EB4C-4AF0-A491-846890C4FA14}.AppStore|Any CPU.ActiveCfg = Debug|Any CPU
		{89E6B838-EB4C-4AF0-A491-846890C4FA14}.AppStore|Any CPU.Build.0 = Debug|Any CPU
		{89E6B838-EB4C-4AF0-A491-846890C4FA14}.AppStore|ARM.ActiveCfg = Debug|Any CPU
		{89E6B838-EB4C-4AF0-A491-846890C4FA14}.AppStore|ARM.Build.0 = Debug|Any CPU
		{89E6B838-EB4C-4AF0-A491-846890C4FA14}.AppStore|iPhone.ActiveCfg = Release|Any CPU
		{89E6B838-EB4C-4AF0-A491-846890C4FA14}.AppStore|iPhone.Build.0 = Release|Any CPU
		{89E6B838-EB4C-4AF0-A491-846890C4FA14}.AppStore|iPhoneSimulator.ActiveCfg = Debug|Any CPU
		{89E6B838-EB4C-4AF0-A491-846890C4FA14}.AppStore|iPhoneSimulator.Build.0 = Debug|Any CPU
		{89E6B838-EB4C-4AF0-A491-846890C4FA14}.AppStore|x64.ActiveCfg = Debug|Any CPU
		{89E6B838-EB4C-4AF0-A491-846890C4FA14}.AppStore|x64.Build.0 = Debug|Any CPU
		{89E6B838-EB4C-4AF0-A491-846890C4FA14}.AppStore|x86.ActiveCfg = Debug|Any CPU
		{89E6B838-EB4C-4AF0-A491-846890C4FA14}.AppStore|x86.Build.0 = Debug|Any CPU
		{89E6B838-EB4C-4AF0-A491-846890C4FA14}.Debug|Any CPU.ActiveCfg = Debug|Any CPU
		{89E6B838-EB4C-4AF0-A491-846890C4FA14}.Debug|Any CPU.Build.0 = Debug|Any CPU
		{89E6B838-EB4C-4AF0-A491-846890C4FA14}.Debug|ARM.ActiveCfg = Debug|Any CPU
		{89E6B838-EB4C-4AF0-A491-846890C4FA14}.Debug|ARM.Build.0 = Debug|Any CPU
		{89E6B838-EB4C-4AF0-A491-846890C4FA14}.Debug|iPhone.ActiveCfg = Debug|Any CPU
		{89E6B838-EB4C-4AF0-A491-846890C4FA14}.Debug|iPhone.Build.0 = Debug|Any CPU
		{89E6B838-EB4C-4AF0-A491-846890C4FA14}.Debug|iPhoneSimulator.ActiveCfg = Debug|Any CPU
		{89E6B838-EB4C-4AF0-A491-846890C4FA14}.Debug|iPhoneSimulator.Build.0 = Debug|Any CPU
		{89E6B838-EB4C-4AF0-A491-846890C4FA14}.Debug|x64.ActiveCfg = Debug|Any CPU
		{89E6B838-EB4C-4AF0-A491-846890C4FA14}.Debug|x64.Build.0 = Debug|Any CPU
		{89E6B838-EB4C-4AF0-A491-846890C4FA14}.Debug|x86.ActiveCfg = Debug|Any CPU
		{89E6B838-EB4C-4AF0-A491-846890C4FA14}.Debug|x86.Build.0 = Debug|Any CPU
		{89E6B838-EB4C-4AF0-A491-846890C4FA14}.Release|Any CPU.ActiveCfg = Release|Any CPU
		{89E6B838-EB4C-4AF0-A491-846890C4FA14}.Release|Any CPU.Build.0 = Release|Any CPU
		{89E6B838-EB4C-4AF0-A491-846890C4FA14}.Release|ARM.ActiveCfg = Release|Any CPU
		{89E6B838-EB4C-4AF0-A491-846890C4FA14}.Release|ARM.Build.0 = Release|Any CPU
		{89E6B838-EB4C-4AF0-A491-846890C4FA14}.Release|iPhone.ActiveCfg = Release|Any CPU
		{89E6B838-EB4C-4AF0-A491-846890C4FA14}.Release|iPhone.Build.0 = Release|Any CPU
		{89E6B838-EB4C-4AF0-A491-846890C4FA14}.Release|iPhoneSimulator.ActiveCfg = Release|Any CPU
		{89E6B838-EB4C-4AF0-A491-846890C4FA14}.Release|iPhoneSimulator.Build.0 = Release|Any CPU
		{89E6B838-EB4C-4AF0-A491-846890C4FA14}.Release|x64.ActiveCfg = Release|Any CPU
		{89E6B838-EB4C-4AF0-A491-846890C4FA14}.Release|x64.Build.0 = Release|Any CPU
		{89E6B838-EB4C-4AF0-A491-846890C4FA14}.Release|x86.ActiveCfg = Release|Any CPU
		{89E6B838-EB4C-4AF0-A491-846890C4FA14}.Release|x86.Build.0 = Release|Any CPU
	EndGlobalSection
	GlobalSection(SolutionProperties) = preSolution
		HideSolutionNode = FALSE
	EndGlobalSection
	GlobalSection(NestedProjects) = preSolution
		{361195A9-C85A-4EA1-BF49-4A861B7BC7CA} = {A82BB54C-3268-4D53-8694-E119865C2E4D}
		{1E180038-8CD3-4006-8780-F7707AE100D4} = {A82BB54C-3268-4D53-8694-E119865C2E4D}
		{B159244C-199D-49B4-93F8-FAC12DE5D52A} = {A82BB54C-3268-4D53-8694-E119865C2E4D}
		{7AC33700-35EF-4A65-9A79-EC38DB0E3373} = {2DCDC228-7926-4B6E-9560-F068F72954B5}
		{CD3CEB73-7970-4D7E-8F18-142ED4860759} = {5174B7D1-54C9-411F-BFAF-676666CC6243}
		{B8DB279A-F2E7-4DE9-BAE3-BEB2FD8E6991} = {5174B7D1-54C9-411F-BFAF-676666CC6243}
		{89E6B838-EB4C-4AF0-A491-846890C4FA14} = {1305A9AC-6D1C-4269-94E5-3ADFACB48B75}
	EndGlobalSection
EndGlobal
