
Microsoft Visual Studio Solution File, Format Version 12.00
# Visual Studio 15
VisualStudioVersion = 15.0.25302.0
MinimumVisualStudioVersion = 10.0.40219.1
Project("{FAE04EC0-301F-11D3-BF4B-00C04F79EFBC}") = "AwfulRedux", "AwfulRedux\AwfulRedux.csproj", "{3C5CA5BD-64F0-442A-9AFE-B76B66949584}"
EndProject
Project("{FAE04EC0-301F-11D3-BF4B-00C04F79EFBC}") = "AwfulRedux.Core", "AwfulRedux.Core\AwfulRedux.Core.csproj", "{7AC33700-35EF-4A65-9A79-EC38DB0E3373}"
EndProject
Project("{FAE04EC0-301F-11D3-BF4B-00C04F79EFBC}") = "AwfulRedux.UI", "AwfulRedux.UI\AwfulRedux.UI.csproj", "{361195A9-C85A-4EA1-BF49-4A861B7BC7CA}"
EndProject
Project("{FAE04EC0-301F-11D3-BF4B-00C04F79EFBC}") = "AwfulRedux.Database", "AwfulRedux.Database\AwfulRedux.Database.csproj", "{1E180038-8CD3-4006-8780-F7707AE100D4}"
EndProject
Project("{2150E333-8FDC-42A3-9474-1A3956D46DE8}") = "UI Tools", "UI Tools", "{37CDC8DC-F8DC-4293-A88F-1BCD20000DCF}"
EndProject
Project("{2150E333-8FDC-42A3-9474-1A3956D46DE8}") = "UWP", "UWP", "{05A12AC6-7E62-45D5-9BC7-E20E8CF3799A}"
EndProject
Project("{2150E333-8FDC-42A3-9474-1A3956D46DE8}") = "Core Functions", "Core Functions", "{2DCDC228-7926-4B6E-9560-F068F72954B5}"
EndProject
Project("{2150E333-8FDC-42A3-9474-1A3956D46DE8}") = "Cross Platform", "Cross Platform", "{A82BB54C-3268-4D53-8694-E119865C2E4D}"
EndProject
Project("{FAE04EC0-301F-11D3-BF4B-00C04F79EFBC}") = "AwfulRedux.Notifications", "AwfulRedux.Notifications\AwfulRedux.Notifications.csproj", "{159A4E13-8EAD-44C7-8506-094E11A28BAC}"
EndProject
Project("{FAE04EC0-301F-11D3-BF4B-00C04F79EFBC}") = "AwfulRedux.BackgroundNotify", "AwfulRedux.BackgroundNotify\AwfulRedux.BackgroundNotify.csproj", "{DD16BD05-BEBF-4672-B388-20965D73817B}"
EndProject
Project("{FAE04EC0-301F-11D3-BF4B-00C04F79EFBC}") = "AwfulVoiceService", "AwfulVoiceService\AwfulVoiceService.csproj", "{44C3FBD8-3C53-4334-8593-819E64A2C98A}"
EndProject
Project("{FAE04EC0-301F-11D3-BF4B-00C04F79EFBC}") = "Imgur", "Imgur\Imgur.csproj", "{6BDADAD2-B0B3-489E-B2DA-E1B9CF68A787}"
EndProject
Project("{FAE04EC0-301F-11D3-BF4B-00C04F79EFBC}") = "AwfulWebTemplate", "AwfulWebTemplate\AwfulWebTemplate\AwfulWebTemplate.csproj", "{B159244C-199D-49B4-93F8-FAC12DE5D52A}"
EndProject
Project("{2150E333-8FDC-42A3-9474-1A3956D46DE8}") = "Mobile", "Mobile", "{B107CD84-18F8-4FAF-AC41-0889BEDEE143}"
EndProject
Project("{FAE04EC0-301F-11D3-BF4B-00C04F79EFBC}") = "AwfulRedux.Mobile", "Forms\AwfulRedux.Mobile\AwfulRedux.Mobile\AwfulRedux.Mobile.csproj", "{8575E8FB-ECC7-4DF5-B202-C72A73EABF71}"
EndProject
Project("{FAE04EC0-301F-11D3-BF4B-00C04F79EFBC}") = "AwfulRedux.Mobile.Droid", "Forms\AwfulRedux.Mobile\AwfulRedux.Mobile.Droid\AwfulRedux.Mobile.Droid.csproj", "{5F89C8FF-5259-49A1-A718-B98CC3D80B19}"
EndProject
Project("{FAE04EC0-301F-11D3-BF4B-00C04F79EFBC}") = "AwfulRedux.Mobile.iOS", "Forms\AwfulRedux.Mobile\AwfulRedux.Mobile.iOS\AwfulRedux.Mobile.iOS.csproj", "{C046CCF6-1B5F-4662-B3DC-AA195FF97CE8}"
EndProject
Project("{FAE04EC0-301F-11D3-BF4B-00C04F79EFBC}") = "Kimono", "ExternalProjects\Kimono\Kimono.csproj", "{97E11751-36C4-49A4-A828-DF731013CB91}"
EndProject
Project("{FAE04EC0-301F-11D3-BF4B-00C04F79EFBC}") = "Template10 (Library)", "ExternalProjects\Template10 (Library)\Template10 (Library).csproj", "{AC3E4F10-6615-4E16-BB0F-104760C92B95}"
EndProject
Project("{FAE04EC0-301F-11D3-BF4B-00C04F79EFBC}") = "WhatsNew.UWP", "ExternalProjects\WhatsNew.UWP\WhatsNew.UWP.csproj", "{C660526A-1F45-4FBB-A2E5-E13F9BB54666}"
EndProject
Global
	GlobalSection(SolutionConfigurationPlatforms) = preSolution
		Ad-Hoc|Any CPU = Ad-Hoc|Any CPU
		Ad-Hoc|ARM = Ad-Hoc|ARM
		Ad-Hoc|iPhone = Ad-Hoc|iPhone
		Ad-Hoc|iPhoneSimulator = Ad-Hoc|iPhoneSimulator
		Ad-Hoc|x64 = Ad-Hoc|x64
		Ad-Hoc|x86 = Ad-Hoc|x86
		AppStore|Any CPU = AppStore|Any CPU
		AppStore|ARM = AppStore|ARM
		AppStore|iPhone = AppStore|iPhone
		AppStore|iPhoneSimulator = AppStore|iPhoneSimulator
		AppStore|x64 = AppStore|x64
		AppStore|x86 = AppStore|x86
		Debug|Any CPU = Debug|Any CPU
		Debug|ARM = Debug|ARM
		Debug|iPhone = Debug|iPhone
		Debug|iPhoneSimulator = Debug|iPhoneSimulator
		Debug|x64 = Debug|x64
		Debug|x86 = Debug|x86
		Release|Any CPU = Release|Any CPU
		Release|ARM = Release|ARM
		Release|iPhone = Release|iPhone
		Release|iPhoneSimulator = Release|iPhoneSimulator
		Release|x64 = Release|x64
		Release|x86 = Release|x86
	EndGlobalSection
	GlobalSection(ProjectConfigurationPlatforms) = postSolution
		{3C5CA5BD-64F0-442A-9AFE-B76B66949584}.Ad-Hoc|Any CPU.ActiveCfg = Release|x64
		{3C5CA5BD-64F0-442A-9AFE-B76B66949584}.Ad-Hoc|Any CPU.Build.0 = Release|x64
		{3C5CA5BD-64F0-442A-9AFE-B76B66949584}.Ad-Hoc|Any CPU.Deploy.0 = Release|x64
		{3C5CA5BD-64F0-442A-9AFE-B76B66949584}.Ad-Hoc|ARM.ActiveCfg = Release|ARM
		{3C5CA5BD-64F0-442A-9AFE-B76B66949584}.Ad-Hoc|ARM.Build.0 = Release|ARM
		{3C5CA5BD-64F0-442A-9AFE-B76B66949584}.Ad-Hoc|ARM.Deploy.0 = Release|ARM
		{3C5CA5BD-64F0-442A-9AFE-B76B66949584}.Ad-Hoc|iPhone.ActiveCfg = Release|x64
		{3C5CA5BD-64F0-442A-9AFE-B76B66949584}.Ad-Hoc|iPhone.Build.0 = Release|x64
		{3C5CA5BD-64F0-442A-9AFE-B76B66949584}.Ad-Hoc|iPhone.Deploy.0 = Release|x64
		{3C5CA5BD-64F0-442A-9AFE-B76B66949584}.Ad-Hoc|iPhoneSimulator.ActiveCfg = Release|x64
		{3C5CA5BD-64F0-442A-9AFE-B76B66949584}.Ad-Hoc|iPhoneSimulator.Build.0 = Release|x64
		{3C5CA5BD-64F0-442A-9AFE-B76B66949584}.Ad-Hoc|iPhoneSimulator.Deploy.0 = Release|x64
		{3C5CA5BD-64F0-442A-9AFE-B76B66949584}.Ad-Hoc|x64.ActiveCfg = Release|x64
		{3C5CA5BD-64F0-442A-9AFE-B76B66949584}.Ad-Hoc|x64.Build.0 = Release|x64
		{3C5CA5BD-64F0-442A-9AFE-B76B66949584}.Ad-Hoc|x64.Deploy.0 = Release|x64
		{3C5CA5BD-64F0-442A-9AFE-B76B66949584}.Ad-Hoc|x86.ActiveCfg = Release|x86
		{3C5CA5BD-64F0-442A-9AFE-B76B66949584}.Ad-Hoc|x86.Build.0 = Release|x86
		{3C5CA5BD-64F0-442A-9AFE-B76B66949584}.Ad-Hoc|x86.Deploy.0 = Release|x86
		{3C5CA5BD-64F0-442A-9AFE-B76B66949584}.AppStore|Any CPU.ActiveCfg = Release|x64
		{3C5CA5BD-64F0-442A-9AFE-B76B66949584}.AppStore|Any CPU.Build.0 = Release|x64
		{3C5CA5BD-64F0-442A-9AFE-B76B66949584}.AppStore|Any CPU.Deploy.0 = Release|x64
		{3C5CA5BD-64F0-442A-9AFE-B76B66949584}.AppStore|ARM.ActiveCfg = Release|ARM
		{3C5CA5BD-64F0-442A-9AFE-B76B66949584}.AppStore|ARM.Build.0 = Release|ARM
		{3C5CA5BD-64F0-442A-9AFE-B76B66949584}.AppStore|ARM.Deploy.0 = Release|ARM
		{3C5CA5BD-64F0-442A-9AFE-B76B66949584}.AppStore|iPhone.ActiveCfg = Release|x64
		{3C5CA5BD-64F0-442A-9AFE-B76B66949584}.AppStore|iPhone.Build.0 = Release|x64
		{3C5CA5BD-64F0-442A-9AFE-B76B66949584}.AppStore|iPhone.Deploy.0 = Release|x64
		{3C5CA5BD-64F0-442A-9AFE-B76B66949584}.AppStore|iPhoneSimulator.ActiveCfg = Release|x64
		{3C5CA5BD-64F0-442A-9AFE-B76B66949584}.AppStore|iPhoneSimulator.Build.0 = Release|x64
		{3C5CA5BD-64F0-442A-9AFE-B76B66949584}.AppStore|iPhoneSimulator.Deploy.0 = Release|x64
		{3C5CA5BD-64F0-442A-9AFE-B76B66949584}.AppStore|x64.ActiveCfg = Release|x64
		{3C5CA5BD-64F0-442A-9AFE-B76B66949584}.AppStore|x64.Build.0 = Release|x64
		{3C5CA5BD-64F0-442A-9AFE-B76B66949584}.AppStore|x64.Deploy.0 = Release|x64
		{3C5CA5BD-64F0-442A-9AFE-B76B66949584}.AppStore|x86.ActiveCfg = Release|x86
		{3C5CA5BD-64F0-442A-9AFE-B76B66949584}.AppStore|x86.Build.0 = Release|x86
		{3C5CA5BD-64F0-442A-9AFE-B76B66949584}.AppStore|x86.Deploy.0 = Release|x86
		{3C5CA5BD-64F0-442A-9AFE-B76B66949584}.Debug|Any CPU.ActiveCfg = Debug|x86
		{3C5CA5BD-64F0-442A-9AFE-B76B66949584}.Debug|Any CPU.Build.0 = Debug|x86
		{3C5CA5BD-64F0-442A-9AFE-B76B66949584}.Debug|Any CPU.Deploy.0 = Debug|x86
		{3C5CA5BD-64F0-442A-9AFE-B76B66949584}.Debug|ARM.ActiveCfg = Debug|ARM
		{3C5CA5BD-64F0-442A-9AFE-B76B66949584}.Debug|ARM.Build.0 = Debug|ARM
		{3C5CA5BD-64F0-442A-9AFE-B76B66949584}.Debug|ARM.Deploy.0 = Debug|ARM
		{3C5CA5BD-64F0-442A-9AFE-B76B66949584}.Debug|iPhone.ActiveCfg = Debug|x86
		{3C5CA5BD-64F0-442A-9AFE-B76B66949584}.Debug|iPhoneSimulator.ActiveCfg = Debug|x86
		{3C5CA5BD-64F0-442A-9AFE-B76B66949584}.Debug|x64.ActiveCfg = Debug|x64
		{3C5CA5BD-64F0-442A-9AFE-B76B66949584}.Debug|x64.Build.0 = Debug|x64
		{3C5CA5BD-64F0-442A-9AFE-B76B66949584}.Debug|x64.Deploy.0 = Debug|x64
		{3C5CA5BD-64F0-442A-9AFE-B76B66949584}.Debug|x86.ActiveCfg = Debug|x86
		{3C5CA5BD-64F0-442A-9AFE-B76B66949584}.Debug|x86.Build.0 = Debug|x86
		{3C5CA5BD-64F0-442A-9AFE-B76B66949584}.Debug|x86.Deploy.0 = Debug|x86
		{3C5CA5BD-64F0-442A-9AFE-B76B66949584}.Release|Any CPU.ActiveCfg = Release|x86
		{3C5CA5BD-64F0-442A-9AFE-B76B66949584}.Release|ARM.ActiveCfg = Release|ARM
		{3C5CA5BD-64F0-442A-9AFE-B76B66949584}.Release|ARM.Build.0 = Release|ARM
		{3C5CA5BD-64F0-442A-9AFE-B76B66949584}.Release|ARM.Deploy.0 = Release|ARM
		{3C5CA5BD-64F0-442A-9AFE-B76B66949584}.Release|iPhone.ActiveCfg = Release|x86
		{3C5CA5BD-64F0-442A-9AFE-B76B66949584}.Release|iPhoneSimulator.ActiveCfg = Release|x86
		{3C5CA5BD-64F0-442A-9AFE-B76B66949584}.Release|x64.ActiveCfg = Release|x64
		{3C5CA5BD-64F0-442A-9AFE-B76B66949584}.Release|x64.Build.0 = Release|x64
		{3C5CA5BD-64F0-442A-9AFE-B76B66949584}.Release|x64.Deploy.0 = Release|x64
		{3C5CA5BD-64F0-442A-9AFE-B76B66949584}.Release|x86.ActiveCfg = Release|x86
		{3C5CA5BD-64F0-442A-9AFE-B76B66949584}.Release|x86.Build.0 = Release|x86
		{3C5CA5BD-64F0-442A-9AFE-B76B66949584}.Release|x86.Deploy.0 = Release|x86
		{7AC33700-35EF-4A65-9A79-EC38DB0E3373}.Ad-Hoc|Any CPU.ActiveCfg = Release|Any CPU
		{7AC33700-35EF-4A65-9A79-EC38DB0E3373}.Ad-Hoc|Any CPU.Build.0 = Release|Any CPU
		{7AC33700-35EF-4A65-9A79-EC38DB0E3373}.Ad-Hoc|ARM.ActiveCfg = Release|Any CPU
		{7AC33700-35EF-4A65-9A79-EC38DB0E3373}.Ad-Hoc|ARM.Build.0 = Release|Any CPU
		{7AC33700-35EF-4A65-9A79-EC38DB0E3373}.Ad-Hoc|iPhone.ActiveCfg = Release|Any CPU
		{7AC33700-35EF-4A65-9A79-EC38DB0E3373}.Ad-Hoc|iPhone.Build.0 = Release|Any CPU
		{7AC33700-35EF-4A65-9A79-EC38DB0E3373}.Ad-Hoc|iPhoneSimulator.ActiveCfg = Release|Any CPU
		{7AC33700-35EF-4A65-9A79-EC38DB0E3373}.Ad-Hoc|iPhoneSimulator.Build.0 = Release|Any CPU
		{7AC33700-35EF-4A65-9A79-EC38DB0E3373}.Ad-Hoc|x64.ActiveCfg = Release|Any CPU
		{7AC33700-35EF-4A65-9A79-EC38DB0E3373}.Ad-Hoc|x64.Build.0 = Release|Any CPU
		{7AC33700-35EF-4A65-9A79-EC38DB0E3373}.Ad-Hoc|x86.ActiveCfg = Release|Any CPU
		{7AC33700-35EF-4A65-9A79-EC38DB0E3373}.Ad-Hoc|x86.Build.0 = Release|Any CPU
		{7AC33700-35EF-4A65-9A79-EC38DB0E3373}.AppStore|Any CPU.ActiveCfg = Release|Any CPU
		{7AC33700-35EF-4A65-9A79-EC38DB0E3373}.AppStore|Any CPU.Build.0 = Release|Any CPU
		{7AC33700-35EF-4A65-9A79-EC38DB0E3373}.AppStore|ARM.ActiveCfg = Release|Any CPU
		{7AC33700-35EF-4A65-9A79-EC38DB0E3373}.AppStore|ARM.Build.0 = Release|Any CPU
		{7AC33700-35EF-4A65-9A79-EC38DB0E3373}.AppStore|iPhone.ActiveCfg = Release|Any CPU
		{7AC33700-35EF-4A65-9A79-EC38DB0E3373}.AppStore|iPhone.Build.0 = Release|Any CPU
		{7AC33700-35EF-4A65-9A79-EC38DB0E3373}.AppStore|iPhoneSimulator.ActiveCfg = Release|Any CPU
		{7AC33700-35EF-4A65-9A79-EC38DB0E3373}.AppStore|iPhoneSimulator.Build.0 = Release|Any CPU
		{7AC33700-35EF-4A65-9A79-EC38DB0E3373}.AppStore|x64.ActiveCfg = Release|Any CPU
		{7AC33700-35EF-4A65-9A79-EC38DB0E3373}.AppStore|x64.Build.0 = Release|Any CPU
		{7AC33700-35EF-4A65-9A79-EC38DB0E3373}.AppStore|x86.ActiveCfg = Release|Any CPU
		{7AC33700-35EF-4A65-9A79-EC38DB0E3373}.AppStore|x86.Build.0 = Release|Any CPU
		{7AC33700-35EF-4A65-9A79-EC38DB0E3373}.Debug|Any CPU.ActiveCfg = Debug|Any CPU
		{7AC33700-35EF-4A65-9A79-EC38DB0E3373}.Debug|Any CPU.Build.0 = Debug|Any CPU
		{7AC33700-35EF-4A65-9A79-EC38DB0E3373}.Debug|ARM.ActiveCfg = Debug|Any CPU
		{7AC33700-35EF-4A65-9A79-EC38DB0E3373}.Debug|ARM.Build.0 = Debug|Any CPU
		{7AC33700-35EF-4A65-9A79-EC38DB0E3373}.Debug|iPhone.ActiveCfg = Debug|Any CPU
		{7AC33700-35EF-4A65-9A79-EC38DB0E3373}.Debug|iPhone.Build.0 = Debug|Any CPU
		{7AC33700-35EF-4A65-9A79-EC38DB0E3373}.Debug|iPhoneSimulator.ActiveCfg = Debug|Any CPU
		{7AC33700-35EF-4A65-9A79-EC38DB0E3373}.Debug|iPhoneSimulator.Build.0 = Debug|Any CPU
		{7AC33700-35EF-4A65-9A79-EC38DB0E3373}.Debug|x64.ActiveCfg = Debug|Any CPU
		{7AC33700-35EF-4A65-9A79-EC38DB0E3373}.Debug|x64.Build.0 = Debug|Any CPU
		{7AC33700-35EF-4A65-9A79-EC38DB0E3373}.Debug|x86.ActiveCfg = Debug|Any CPU
		{7AC33700-35EF-4A65-9A79-EC38DB0E3373}.Debug|x86.Build.0 = Debug|Any CPU
		{7AC33700-35EF-4A65-9A79-EC38DB0E3373}.Release|Any CPU.ActiveCfg = Release|Any CPU
		{7AC33700-35EF-4A65-9A79-EC38DB0E3373}.Release|Any CPU.Build.0 = Release|Any CPU
		{7AC33700-35EF-4A65-9A79-EC38DB0E3373}.Release|ARM.ActiveCfg = Release|Any CPU
		{7AC33700-35EF-4A65-9A79-EC38DB0E3373}.Release|ARM.Build.0 = Release|Any CPU
		{7AC33700-35EF-4A65-9A79-EC38DB0E3373}.Release|iPhone.ActiveCfg = Release|Any CPU
		{7AC33700-35EF-4A65-9A79-EC38DB0E3373}.Release|iPhone.Build.0 = Release|Any CPU
		{7AC33700-35EF-4A65-9A79-EC38DB0E3373}.Release|iPhoneSimulator.ActiveCfg = Release|Any CPU
		{7AC33700-35EF-4A65-9A79-EC38DB0E3373}.Release|iPhoneSimulator.Build.0 = Release|Any CPU
		{7AC33700-35EF-4A65-9A79-EC38DB0E3373}.Release|x64.ActiveCfg = Release|Any CPU
		{7AC33700-35EF-4A65-9A79-EC38DB0E3373}.Release|x64.Build.0 = Release|Any CPU
		{7AC33700-35EF-4A65-9A79-EC38DB0E3373}.Release|x86.ActiveCfg = Release|Any CPU
		{7AC33700-35EF-4A65-9A79-EC38DB0E3373}.Release|x86.Build.0 = Release|Any CPU
		{361195A9-C85A-4EA1-BF49-4A861B7BC7CA}.Ad-Hoc|Any CPU.ActiveCfg = Release|Any CPU
		{361195A9-C85A-4EA1-BF49-4A861B7BC7CA}.Ad-Hoc|Any CPU.Build.0 = Release|Any CPU
		{361195A9-C85A-4EA1-BF49-4A861B7BC7CA}.Ad-Hoc|ARM.ActiveCfg = Release|Any CPU
		{361195A9-C85A-4EA1-BF49-4A861B7BC7CA}.Ad-Hoc|ARM.Build.0 = Release|Any CPU
		{361195A9-C85A-4EA1-BF49-4A861B7BC7CA}.Ad-Hoc|iPhone.ActiveCfg = Release|Any CPU
		{361195A9-C85A-4EA1-BF49-4A861B7BC7CA}.Ad-Hoc|iPhone.Build.0 = Release|Any CPU
		{361195A9-C85A-4EA1-BF49-4A861B7BC7CA}.Ad-Hoc|iPhoneSimulator.ActiveCfg = Release|Any CPU
		{361195A9-C85A-4EA1-BF49-4A861B7BC7CA}.Ad-Hoc|iPhoneSimulator.Build.0 = Release|Any CPU
		{361195A9-C85A-4EA1-BF49-4A861B7BC7CA}.Ad-Hoc|x64.ActiveCfg = Release|Any CPU
		{361195A9-C85A-4EA1-BF49-4A861B7BC7CA}.Ad-Hoc|x64.Build.0 = Release|Any CPU
		{361195A9-C85A-4EA1-BF49-4A861B7BC7CA}.Ad-Hoc|x86.ActiveCfg = Release|Any CPU
		{361195A9-C85A-4EA1-BF49-4A861B7BC7CA}.Ad-Hoc|x86.Build.0 = Release|Any CPU
		{361195A9-C85A-4EA1-BF49-4A861B7BC7CA}.AppStore|Any CPU.ActiveCfg = Release|Any CPU
		{361195A9-C85A-4EA1-BF49-4A861B7BC7CA}.AppStore|Any CPU.Build.0 = Release|Any CPU
		{361195A9-C85A-4EA1-BF49-4A861B7BC7CA}.AppStore|ARM.ActiveCfg = Release|Any CPU
		{361195A9-C85A-4EA1-BF49-4A861B7BC7CA}.AppStore|ARM.Build.0 = Release|Any CPU
		{361195A9-C85A-4EA1-BF49-4A861B7BC7CA}.AppStore|iPhone.ActiveCfg = Release|Any CPU
		{361195A9-C85A-4EA1-BF49-4A861B7BC7CA}.AppStore|iPhone.Build.0 = Release|Any CPU
		{361195A9-C85A-4EA1-BF49-4A861B7BC7CA}.AppStore|iPhoneSimulator.ActiveCfg = Release|Any CPU
		{361195A9-C85A-4EA1-BF49-4A861B7BC7CA}.AppStore|iPhoneSimulator.Build.0 = Release|Any CPU
		{361195A9-C85A-4EA1-BF49-4A861B7BC7CA}.AppStore|x64.ActiveCfg = Release|Any CPU
		{361195A9-C85A-4EA1-BF49-4A861B7BC7CA}.AppStore|x64.Build.0 = Release|Any CPU
		{361195A9-C85A-4EA1-BF49-4A861B7BC7CA}.AppStore|x86.ActiveCfg = Release|Any CPU
		{361195A9-C85A-4EA1-BF49-4A861B7BC7CA}.AppStore|x86.Build.0 = Release|Any CPU
		{361195A9-C85A-4EA1-BF49-4A861B7BC7CA}.Debug|Any CPU.ActiveCfg = Debug|Any CPU
		{361195A9-C85A-4EA1-BF49-4A861B7BC7CA}.Debug|Any CPU.Build.0 = Debug|Any CPU
		{361195A9-C85A-4EA1-BF49-4A861B7BC7CA}.Debug|ARM.ActiveCfg = Debug|Any CPU
		{361195A9-C85A-4EA1-BF49-4A861B7BC7CA}.Debug|ARM.Build.0 = Debug|Any CPU
		{361195A9-C85A-4EA1-BF49-4A861B7BC7CA}.Debug|iPhone.ActiveCfg = Debug|Any CPU
		{361195A9-C85A-4EA1-BF49-4A861B7BC7CA}.Debug|iPhone.Build.0 = Debug|Any CPU
		{361195A9-C85A-4EA1-BF49-4A861B7BC7CA}.Debug|iPhoneSimulator.ActiveCfg = Debug|Any CPU
		{361195A9-C85A-4EA1-BF49-4A861B7BC7CA}.Debug|iPhoneSimulator.Build.0 = Debug|Any CPU
		{361195A9-C85A-4EA1-BF49-4A861B7BC7CA}.Debug|x64.ActiveCfg = Debug|Any CPU
		{361195A9-C85A-4EA1-BF49-4A861B7BC7CA}.Debug|x64.Build.0 = Debug|Any CPU
		{361195A9-C85A-4EA1-BF49-4A861B7BC7CA}.Debug|x86.ActiveCfg = Debug|Any CPU
		{361195A9-C85A-4EA1-BF49-4A861B7BC7CA}.Debug|x86.Build.0 = Debug|Any CPU
		{361195A9-C85A-4EA1-BF49-4A861B7BC7CA}.Release|Any CPU.ActiveCfg = Release|Any CPU
		{361195A9-C85A-4EA1-BF49-4A861B7BC7CA}.Release|Any CPU.Build.0 = Release|Any CPU
		{361195A9-C85A-4EA1-BF49-4A861B7BC7CA}.Release|ARM.ActiveCfg = Release|Any CPU
		{361195A9-C85A-4EA1-BF49-4A861B7BC7CA}.Release|ARM.Build.0 = Release|Any CPU
		{361195A9-C85A-4EA1-BF49-4A861B7BC7CA}.Release|iPhone.ActiveCfg = Release|Any CPU
		{361195A9-C85A-4EA1-BF49-4A861B7BC7CA}.Release|iPhone.Build.0 = Release|Any CPU
		{361195A9-C85A-4EA1-BF49-4A861B7BC7CA}.Release|iPhoneSimulator.ActiveCfg = Release|Any CPU
		{361195A9-C85A-4EA1-BF49-4A861B7BC7CA}.Release|iPhoneSimulator.Build.0 = Release|Any CPU
		{361195A9-C85A-4EA1-BF49-4A861B7BC7CA}.Release|x64.ActiveCfg = Release|Any CPU
		{361195A9-C85A-4EA1-BF49-4A861B7BC7CA}.Release|x64.Build.0 = Release|Any CPU
		{361195A9-C85A-4EA1-BF49-4A861B7BC7CA}.Release|x86.ActiveCfg = Release|Any CPU
		{361195A9-C85A-4EA1-BF49-4A861B7BC7CA}.Release|x86.Build.0 = Release|Any CPU
		{1E180038-8CD3-4006-8780-F7707AE100D4}.Ad-Hoc|Any CPU.ActiveCfg = Release|Any CPU
		{1E180038-8CD3-4006-8780-F7707AE100D4}.Ad-Hoc|Any CPU.Build.0 = Release|Any CPU
		{1E180038-8CD3-4006-8780-F7707AE100D4}.Ad-Hoc|ARM.ActiveCfg = Release|Any CPU
		{1E180038-8CD3-4006-8780-F7707AE100D4}.Ad-Hoc|ARM.Build.0 = Release|Any CPU
		{1E180038-8CD3-4006-8780-F7707AE100D4}.Ad-Hoc|iPhone.ActiveCfg = Release|Any CPU
		{1E180038-8CD3-4006-8780-F7707AE100D4}.Ad-Hoc|iPhone.Build.0 = Release|Any CPU
		{1E180038-8CD3-4006-8780-F7707AE100D4}.Ad-Hoc|iPhoneSimulator.ActiveCfg = Release|Any CPU
		{1E180038-8CD3-4006-8780-F7707AE100D4}.Ad-Hoc|iPhoneSimulator.Build.0 = Release|Any CPU
		{1E180038-8CD3-4006-8780-F7707AE100D4}.Ad-Hoc|x64.ActiveCfg = Release|Any CPU
		{1E180038-8CD3-4006-8780-F7707AE100D4}.Ad-Hoc|x64.Build.0 = Release|Any CPU
		{1E180038-8CD3-4006-8780-F7707AE100D4}.Ad-Hoc|x86.ActiveCfg = Release|Any CPU
		{1E180038-8CD3-4006-8780-F7707AE100D4}.Ad-Hoc|x86.Build.0 = Release|Any CPU
		{1E180038-8CD3-4006-8780-F7707AE100D4}.AppStore|Any CPU.ActiveCfg = Release|Any CPU
		{1E180038-8CD3-4006-8780-F7707AE100D4}.AppStore|Any CPU.Build.0 = Release|Any CPU
		{1E180038-8CD3-4006-8780-F7707AE100D4}.AppStore|ARM.ActiveCfg = Release|Any CPU
		{1E180038-8CD3-4006-8780-F7707AE100D4}.AppStore|ARM.Build.0 = Release|Any CPU
		{1E180038-8CD3-4006-8780-F7707AE100D4}.AppStore|iPhone.ActiveCfg = Release|Any CPU
		{1E180038-8CD3-4006-8780-F7707AE100D4}.AppStore|iPhone.Build.0 = Release|Any CPU
		{1E180038-8CD3-4006-8780-F7707AE100D4}.AppStore|iPhoneSimulator.ActiveCfg = Release|Any CPU
		{1E180038-8CD3-4006-8780-F7707AE100D4}.AppStore|iPhoneSimulator.Build.0 = Release|Any CPU
		{1E180038-8CD3-4006-8780-F7707AE100D4}.AppStore|x64.ActiveCfg = Release|Any CPU
		{1E180038-8CD3-4006-8780-F7707AE100D4}.AppStore|x64.Build.0 = Release|Any CPU
		{1E180038-8CD3-4006-8780-F7707AE100D4}.AppStore|x86.ActiveCfg = Release|Any CPU
		{1E180038-8CD3-4006-8780-F7707AE100D4}.AppStore|x86.Build.0 = Release|Any CPU
		{1E180038-8CD3-4006-8780-F7707AE100D4}.Debug|Any CPU.ActiveCfg = Debug|Any CPU
		{1E180038-8CD3-4006-8780-F7707AE100D4}.Debug|Any CPU.Build.0 = Debug|Any CPU
		{1E180038-8CD3-4006-8780-F7707AE100D4}.Debug|ARM.ActiveCfg = Debug|Any CPU
		{1E180038-8CD3-4006-8780-F7707AE100D4}.Debug|ARM.Build.0 = Debug|Any CPU
		{1E180038-8CD3-4006-8780-F7707AE100D4}.Debug|iPhone.ActiveCfg = Debug|Any CPU
		{1E180038-8CD3-4006-8780-F7707AE100D4}.Debug|iPhone.Build.0 = Debug|Any CPU
		{1E180038-8CD3-4006-8780-F7707AE100D4}.Debug|iPhoneSimulator.ActiveCfg = Debug|Any CPU
		{1E180038-8CD3-4006-8780-F7707AE100D4}.Debug|iPhoneSimulator.Build.0 = Debug|Any CPU
		{1E180038-8CD3-4006-8780-F7707AE100D4}.Debug|x64.ActiveCfg = Debug|Any CPU
		{1E180038-8CD3-4006-8780-F7707AE100D4}.Debug|x64.Build.0 = Debug|Any CPU
		{1E180038-8CD3-4006-8780-F7707AE100D4}.Debug|x86.ActiveCfg = Debug|Any CPU
		{1E180038-8CD3-4006-8780-F7707AE100D4}.Debug|x86.Build.0 = Debug|Any CPU
		{1E180038-8CD3-4006-8780-F7707AE100D4}.Release|Any CPU.ActiveCfg = Release|Any CPU
		{1E180038-8CD3-4006-8780-F7707AE100D4}.Release|Any CPU.Build.0 = Release|Any CPU
		{1E180038-8CD3-4006-8780-F7707AE100D4}.Release|ARM.ActiveCfg = Release|Any CPU
		{1E180038-8CD3-4006-8780-F7707AE100D4}.Release|ARM.Build.0 = Release|Any CPU
		{1E180038-8CD3-4006-8780-F7707AE100D4}.Release|iPhone.ActiveCfg = Release|Any CPU
		{1E180038-8CD3-4006-8780-F7707AE100D4}.Release|iPhone.Build.0 = Release|Any CPU
		{1E180038-8CD3-4006-8780-F7707AE100D4}.Release|iPhoneSimulator.ActiveCfg = Release|Any CPU
		{1E180038-8CD3-4006-8780-F7707AE100D4}.Release|iPhoneSimulator.Build.0 = Release|Any CPU
		{1E180038-8CD3-4006-8780-F7707AE100D4}.Release|x64.ActiveCfg = Release|Any CPU
		{1E180038-8CD3-4006-8780-F7707AE100D4}.Release|x64.Build.0 = Release|Any CPU
		{1E180038-8CD3-4006-8780-F7707AE100D4}.Release|x86.ActiveCfg = Release|Any CPU
		{1E180038-8CD3-4006-8780-F7707AE100D4}.Release|x86.Build.0 = Release|Any CPU
		{159A4E13-8EAD-44C7-8506-094E11A28BAC}.Ad-Hoc|Any CPU.ActiveCfg = Release|Any CPU
		{159A4E13-8EAD-44C7-8506-094E11A28BAC}.Ad-Hoc|Any CPU.Build.0 = Release|Any CPU
		{159A4E13-8EAD-44C7-8506-094E11A28BAC}.Ad-Hoc|ARM.ActiveCfg = Release|ARM
		{159A4E13-8EAD-44C7-8506-094E11A28BAC}.Ad-Hoc|ARM.Build.0 = Release|ARM
		{159A4E13-8EAD-44C7-8506-094E11A28BAC}.Ad-Hoc|iPhone.ActiveCfg = Release|Any CPU
		{159A4E13-8EAD-44C7-8506-094E11A28BAC}.Ad-Hoc|iPhone.Build.0 = Release|Any CPU
		{159A4E13-8EAD-44C7-8506-094E11A28BAC}.Ad-Hoc|iPhoneSimulator.ActiveCfg = Release|Any CPU
		{159A4E13-8EAD-44C7-8506-094E11A28BAC}.Ad-Hoc|iPhoneSimulator.Build.0 = Release|Any CPU
		{159A4E13-8EAD-44C7-8506-094E11A28BAC}.Ad-Hoc|x64.ActiveCfg = Release|x64
		{159A4E13-8EAD-44C7-8506-094E11A28BAC}.Ad-Hoc|x64.Build.0 = Release|x64
		{159A4E13-8EAD-44C7-8506-094E11A28BAC}.Ad-Hoc|x86.ActiveCfg = Release|x86
		{159A4E13-8EAD-44C7-8506-094E11A28BAC}.Ad-Hoc|x86.Build.0 = Release|x86
		{159A4E13-8EAD-44C7-8506-094E11A28BAC}.AppStore|Any CPU.ActiveCfg = Release|Any CPU
		{159A4E13-8EAD-44C7-8506-094E11A28BAC}.AppStore|Any CPU.Build.0 = Release|Any CPU
		{159A4E13-8EAD-44C7-8506-094E11A28BAC}.AppStore|ARM.ActiveCfg = Release|ARM
		{159A4E13-8EAD-44C7-8506-094E11A28BAC}.AppStore|ARM.Build.0 = Release|ARM
		{159A4E13-8EAD-44C7-8506-094E11A28BAC}.AppStore|iPhone.ActiveCfg = Release|Any CPU
		{159A4E13-8EAD-44C7-8506-094E11A28BAC}.AppStore|iPhone.Build.0 = Release|Any CPU
		{159A4E13-8EAD-44C7-8506-094E11A28BAC}.AppStore|iPhoneSimulator.ActiveCfg = Release|Any CPU
		{159A4E13-8EAD-44C7-8506-094E11A28BAC}.AppStore|iPhoneSimulator.Build.0 = Release|Any CPU
		{159A4E13-8EAD-44C7-8506-094E11A28BAC}.AppStore|x64.ActiveCfg = Release|x64
		{159A4E13-8EAD-44C7-8506-094E11A28BAC}.AppStore|x64.Build.0 = Release|x64
		{159A4E13-8EAD-44C7-8506-094E11A28BAC}.AppStore|x86.ActiveCfg = Release|x86
		{159A4E13-8EAD-44C7-8506-094E11A28BAC}.AppStore|x86.Build.0 = Release|x86
		{159A4E13-8EAD-44C7-8506-094E11A28BAC}.Debug|Any CPU.ActiveCfg = Debug|Any CPU
		{159A4E13-8EAD-44C7-8506-094E11A28BAC}.Debug|Any CPU.Build.0 = Debug|Any CPU
		{159A4E13-8EAD-44C7-8506-094E11A28BAC}.Debug|ARM.ActiveCfg = Debug|ARM
		{159A4E13-8EAD-44C7-8506-094E11A28BAC}.Debug|ARM.Build.0 = Debug|ARM
		{159A4E13-8EAD-44C7-8506-094E11A28BAC}.Debug|iPhone.ActiveCfg = Debug|Any CPU
		{159A4E13-8EAD-44C7-8506-094E11A28BAC}.Debug|iPhone.Build.0 = Debug|Any CPU
		{159A4E13-8EAD-44C7-8506-094E11A28BAC}.Debug|iPhoneSimulator.ActiveCfg = Debug|Any CPU
		{159A4E13-8EAD-44C7-8506-094E11A28BAC}.Debug|x64.ActiveCfg = Debug|x64
		{159A4E13-8EAD-44C7-8506-094E11A28BAC}.Debug|x64.Build.0 = Debug|x64
		{159A4E13-8EAD-44C7-8506-094E11A28BAC}.Debug|x86.ActiveCfg = Debug|x86
		{159A4E13-8EAD-44C7-8506-094E11A28BAC}.Debug|x86.Build.0 = Debug|x86
		{159A4E13-8EAD-44C7-8506-094E11A28BAC}.Release|Any CPU.ActiveCfg = Release|Any CPU
		{159A4E13-8EAD-44C7-8506-094E11A28BAC}.Release|Any CPU.Build.0 = Release|Any CPU
		{159A4E13-8EAD-44C7-8506-094E11A28BAC}.Release|ARM.ActiveCfg = Release|ARM
		{159A4E13-8EAD-44C7-8506-094E11A28BAC}.Release|ARM.Build.0 = Release|ARM
		{159A4E13-8EAD-44C7-8506-094E11A28BAC}.Release|iPhone.ActiveCfg = Release|Any CPU
		{159A4E13-8EAD-44C7-8506-094E11A28BAC}.Release|iPhone.Build.0 = Release|Any CPU
		{159A4E13-8EAD-44C7-8506-094E11A28BAC}.Release|iPhoneSimulator.ActiveCfg = Release|Any CPU
		{159A4E13-8EAD-44C7-8506-094E11A28BAC}.Release|iPhoneSimulator.Build.0 = Release|Any CPU
		{159A4E13-8EAD-44C7-8506-094E11A28BAC}.Release|x64.ActiveCfg = Release|x64
		{159A4E13-8EAD-44C7-8506-094E11A28BAC}.Release|x64.Build.0 = Release|x64
		{159A4E13-8EAD-44C7-8506-094E11A28BAC}.Release|x86.ActiveCfg = Release|x86
		{159A4E13-8EAD-44C7-8506-094E11A28BAC}.Release|x86.Build.0 = Release|x86
		{DD16BD05-BEBF-4672-B388-20965D73817B}.Ad-Hoc|Any CPU.ActiveCfg = Release|Any CPU
		{DD16BD05-BEBF-4672-B388-20965D73817B}.Ad-Hoc|Any CPU.Build.0 = Release|Any CPU
		{DD16BD05-BEBF-4672-B388-20965D73817B}.Ad-Hoc|ARM.ActiveCfg = Release|ARM
		{DD16BD05-BEBF-4672-B388-20965D73817B}.Ad-Hoc|ARM.Build.0 = Release|ARM
		{DD16BD05-BEBF-4672-B388-20965D73817B}.Ad-Hoc|iPhone.ActiveCfg = Release|Any CPU
		{DD16BD05-BEBF-4672-B388-20965D73817B}.Ad-Hoc|iPhone.Build.0 = Release|Any CPU
		{DD16BD05-BEBF-4672-B388-20965D73817B}.Ad-Hoc|iPhoneSimulator.ActiveCfg = Release|Any CPU
		{DD16BD05-BEBF-4672-B388-20965D73817B}.Ad-Hoc|iPhoneSimulator.Build.0 = Release|Any CPU
		{DD16BD05-BEBF-4672-B388-20965D73817B}.Ad-Hoc|x64.ActiveCfg = Release|x64
		{DD16BD05-BEBF-4672-B388-20965D73817B}.Ad-Hoc|x64.Build.0 = Release|x64
		{DD16BD05-BEBF-4672-B388-20965D73817B}.Ad-Hoc|x86.ActiveCfg = Release|x86
		{DD16BD05-BEBF-4672-B388-20965D73817B}.Ad-Hoc|x86.Build.0 = Release|x86
		{DD16BD05-BEBF-4672-B388-20965D73817B}.AppStore|Any CPU.ActiveCfg = Release|Any CPU
		{DD16BD05-BEBF-4672-B388-20965D73817B}.AppStore|Any CPU.Build.0 = Release|Any CPU
		{DD16BD05-BEBF-4672-B388-20965D73817B}.AppStore|ARM.ActiveCfg = Release|ARM
		{DD16BD05-BEBF-4672-B388-20965D73817B}.AppStore|ARM.Build.0 = Release|ARM
		{DD16BD05-BEBF-4672-B388-20965D73817B}.AppStore|iPhone.ActiveCfg = Release|Any CPU
		{DD16BD05-BEBF-4672-B388-20965D73817B}.AppStore|iPhone.Build.0 = Release|Any CPU
		{DD16BD05-BEBF-4672-B388-20965D73817B}.AppStore|iPhoneSimulator.ActiveCfg = Release|Any CPU
		{DD16BD05-BEBF-4672-B388-20965D73817B}.AppStore|iPhoneSimulator.Build.0 = Release|Any CPU
		{DD16BD05-BEBF-4672-B388-20965D73817B}.AppStore|x64.ActiveCfg = Release|x64
		{DD16BD05-BEBF-4672-B388-20965D73817B}.AppStore|x64.Build.0 = Release|x64
		{DD16BD05-BEBF-4672-B388-20965D73817B}.AppStore|x86.ActiveCfg = Release|x86
		{DD16BD05-BEBF-4672-B388-20965D73817B}.AppStore|x86.Build.0 = Release|x86
		{DD16BD05-BEBF-4672-B388-20965D73817B}.Debug|Any CPU.ActiveCfg = Debug|Any CPU
		{DD16BD05-BEBF-4672-B388-20965D73817B}.Debug|Any CPU.Build.0 = Debug|Any CPU
		{DD16BD05-BEBF-4672-B388-20965D73817B}.Debug|ARM.ActiveCfg = Debug|ARM
		{DD16BD05-BEBF-4672-B388-20965D73817B}.Debug|ARM.Build.0 = Debug|ARM
		{DD16BD05-BEBF-4672-B388-20965D73817B}.Debug|iPhone.ActiveCfg = Debug|Any CPU
		{DD16BD05-BEBF-4672-B388-20965D73817B}.Debug|iPhone.Build.0 = Debug|Any CPU
		{DD16BD05-BEBF-4672-B388-20965D73817B}.Debug|iPhoneSimulator.ActiveCfg = Debug|Any CPU
		{DD16BD05-BEBF-4672-B388-20965D73817B}.Debug|x64.ActiveCfg = Debug|x64
		{DD16BD05-BEBF-4672-B388-20965D73817B}.Debug|x64.Build.0 = Debug|x64
		{DD16BD05-BEBF-4672-B388-20965D73817B}.Debug|x86.ActiveCfg = Debug|x86
		{DD16BD05-BEBF-4672-B388-20965D73817B}.Debug|x86.Build.0 = Debug|x86
		{DD16BD05-BEBF-4672-B388-20965D73817B}.Release|Any CPU.ActiveCfg = Release|Any CPU
		{DD16BD05-BEBF-4672-B388-20965D73817B}.Release|Any CPU.Build.0 = Release|Any CPU
		{DD16BD05-BEBF-4672-B388-20965D73817B}.Release|ARM.ActiveCfg = Release|ARM
		{DD16BD05-BEBF-4672-B388-20965D73817B}.Release|ARM.Build.0 = Release|ARM
		{DD16BD05-BEBF-4672-B388-20965D73817B}.Release|iPhone.ActiveCfg = Release|Any CPU
		{DD16BD05-BEBF-4672-B388-20965D73817B}.Release|iPhone.Build.0 = Release|Any CPU
		{DD16BD05-BEBF-4672-B388-20965D73817B}.Release|iPhoneSimulator.ActiveCfg = Release|Any CPU
		{DD16BD05-BEBF-4672-B388-20965D73817B}.Release|iPhoneSimulator.Build.0 = Release|Any CPU
		{DD16BD05-BEBF-4672-B388-20965D73817B}.Release|x64.ActiveCfg = Release|x64
		{DD16BD05-BEBF-4672-B388-20965D73817B}.Release|x64.Build.0 = Release|x64
		{DD16BD05-BEBF-4672-B388-20965D73817B}.Release|x86.ActiveCfg = Release|x86
		{DD16BD05-BEBF-4672-B388-20965D73817B}.Release|x86.Build.0 = Release|x86
		{44C3FBD8-3C53-4334-8593-819E64A2C98A}.Ad-Hoc|Any CPU.ActiveCfg = Release|Any CPU
		{44C3FBD8-3C53-4334-8593-819E64A2C98A}.Ad-Hoc|Any CPU.Build.0 = Release|Any CPU
		{44C3FBD8-3C53-4334-8593-819E64A2C98A}.Ad-Hoc|ARM.ActiveCfg = Release|ARM
		{44C3FBD8-3C53-4334-8593-819E64A2C98A}.Ad-Hoc|ARM.Build.0 = Release|ARM
		{44C3FBD8-3C53-4334-8593-819E64A2C98A}.Ad-Hoc|iPhone.ActiveCfg = Release|Any CPU
		{44C3FBD8-3C53-4334-8593-819E64A2C98A}.Ad-Hoc|iPhone.Build.0 = Release|Any CPU
		{44C3FBD8-3C53-4334-8593-819E64A2C98A}.Ad-Hoc|iPhoneSimulator.ActiveCfg = Release|Any CPU
		{44C3FBD8-3C53-4334-8593-819E64A2C98A}.Ad-Hoc|iPhoneSimulator.Build.0 = Release|Any CPU
		{44C3FBD8-3C53-4334-8593-819E64A2C98A}.Ad-Hoc|x64.ActiveCfg = Release|x64
		{44C3FBD8-3C53-4334-8593-819E64A2C98A}.Ad-Hoc|x64.Build.0 = Release|x64
		{44C3FBD8-3C53-4334-8593-819E64A2C98A}.Ad-Hoc|x86.ActiveCfg = Release|x86
		{44C3FBD8-3C53-4334-8593-819E64A2C98A}.Ad-Hoc|x86.Build.0 = Release|x86
		{44C3FBD8-3C53-4334-8593-819E64A2C98A}.AppStore|Any CPU.ActiveCfg = Release|Any CPU
		{44C3FBD8-3C53-4334-8593-819E64A2C98A}.AppStore|Any CPU.Build.0 = Release|Any CPU
		{44C3FBD8-3C53-4334-8593-819E64A2C98A}.AppStore|ARM.ActiveCfg = Release|ARM
		{44C3FBD8-3C53-4334-8593-819E64A2C98A}.AppStore|ARM.Build.0 = Release|ARM
		{44C3FBD8-3C53-4334-8593-819E64A2C98A}.AppStore|iPhone.ActiveCfg = Release|Any CPU
		{44C3FBD8-3C53-4334-8593-819E64A2C98A}.AppStore|iPhone.Build.0 = Release|Any CPU
		{44C3FBD8-3C53-4334-8593-819E64A2C98A}.AppStore|iPhoneSimulator.ActiveCfg = Release|Any CPU
		{44C3FBD8-3C53-4334-8593-819E64A2C98A}.AppStore|iPhoneSimulator.Build.0 = Release|Any CPU
		{44C3FBD8-3C53-4334-8593-819E64A2C98A}.AppStore|x64.ActiveCfg = Release|x64
		{44C3FBD8-3C53-4334-8593-819E64A2C98A}.AppStore|x64.Build.0 = Release|x64
		{44C3FBD8-3C53-4334-8593-819E64A2C98A}.AppStore|x86.ActiveCfg = Release|x86
		{44C3FBD8-3C53-4334-8593-819E64A2C98A}.AppStore|x86.Build.0 = Release|x86
		{44C3FBD8-3C53-4334-8593-819E64A2C98A}.Debug|Any CPU.ActiveCfg = Debug|Any CPU
		{44C3FBD8-3C53-4334-8593-819E64A2C98A}.Debug|Any CPU.Build.0 = Debug|Any CPU
		{44C3FBD8-3C53-4334-8593-819E64A2C98A}.Debug|ARM.ActiveCfg = Debug|ARM
		{44C3FBD8-3C53-4334-8593-819E64A2C98A}.Debug|ARM.Build.0 = Debug|ARM
		{44C3FBD8-3C53-4334-8593-819E64A2C98A}.Debug|iPhone.ActiveCfg = Debug|Any CPU
		{44C3FBD8-3C53-4334-8593-819E64A2C98A}.Debug|iPhone.Build.0 = Debug|Any CPU
		{44C3FBD8-3C53-4334-8593-819E64A2C98A}.Debug|iPhoneSimulator.ActiveCfg = Debug|Any CPU
		{44C3FBD8-3C53-4334-8593-819E64A2C98A}.Debug|x64.ActiveCfg = Debug|x64
		{44C3FBD8-3C53-4334-8593-819E64A2C98A}.Debug|x64.Build.0 = Debug|x64
		{44C3FBD8-3C53-4334-8593-819E64A2C98A}.Debug|x86.ActiveCfg = Debug|x86
		{44C3FBD8-3C53-4334-8593-819E64A2C98A}.Debug|x86.Build.0 = Debug|x86
		{44C3FBD8-3C53-4334-8593-819E64A2C98A}.Release|Any CPU.ActiveCfg = Release|Any CPU
		{44C3FBD8-3C53-4334-8593-819E64A2C98A}.Release|Any CPU.Build.0 = Release|Any CPU
		{44C3FBD8-3C53-4334-8593-819E64A2C98A}.Release|ARM.ActiveCfg = Release|ARM
		{44C3FBD8-3C53-4334-8593-819E64A2C98A}.Release|ARM.Build.0 = Release|ARM
		{44C3FBD8-3C53-4334-8593-819E64A2C98A}.Release|iPhone.ActiveCfg = Release|Any CPU
		{44C3FBD8-3C53-4334-8593-819E64A2C98A}.Release|iPhone.Build.0 = Release|Any CPU
		{44C3FBD8-3C53-4334-8593-819E64A2C98A}.Release|iPhoneSimulator.ActiveCfg = Release|Any CPU
		{44C3FBD8-3C53-4334-8593-819E64A2C98A}.Release|iPhoneSimulator.Build.0 = Release|Any CPU
		{44C3FBD8-3C53-4334-8593-819E64A2C98A}.Release|x64.ActiveCfg = Release|x64
		{44C3FBD8-3C53-4334-8593-819E64A2C98A}.Release|x64.Build.0 = Release|x64
		{44C3FBD8-3C53-4334-8593-819E64A2C98A}.Release|x86.ActiveCfg = Release|x86
		{44C3FBD8-3C53-4334-8593-819E64A2C98A}.Release|x86.Build.0 = Release|x86
		{6BDADAD2-B0B3-489E-B2DA-E1B9CF68A787}.Ad-Hoc|Any CPU.ActiveCfg = Release|Any CPU
		{6BDADAD2-B0B3-489E-B2DA-E1B9CF68A787}.Ad-Hoc|Any CPU.Build.0 = Release|Any CPU
		{6BDADAD2-B0B3-489E-B2DA-E1B9CF68A787}.Ad-Hoc|ARM.ActiveCfg = Release|ARM
		{6BDADAD2-B0B3-489E-B2DA-E1B9CF68A787}.Ad-Hoc|ARM.Build.0 = Release|ARM
		{6BDADAD2-B0B3-489E-B2DA-E1B9CF68A787}.Ad-Hoc|iPhone.ActiveCfg = Release|Any CPU
		{6BDADAD2-B0B3-489E-B2DA-E1B9CF68A787}.Ad-Hoc|iPhone.Build.0 = Release|Any CPU
		{6BDADAD2-B0B3-489E-B2DA-E1B9CF68A787}.Ad-Hoc|iPhoneSimulator.ActiveCfg = Release|Any CPU
		{6BDADAD2-B0B3-489E-B2DA-E1B9CF68A787}.Ad-Hoc|iPhoneSimulator.Build.0 = Release|Any CPU
		{6BDADAD2-B0B3-489E-B2DA-E1B9CF68A787}.Ad-Hoc|x64.ActiveCfg = Release|x64
		{6BDADAD2-B0B3-489E-B2DA-E1B9CF68A787}.Ad-Hoc|x64.Build.0 = Release|x64
		{6BDADAD2-B0B3-489E-B2DA-E1B9CF68A787}.Ad-Hoc|x86.ActiveCfg = Release|x86
		{6BDADAD2-B0B3-489E-B2DA-E1B9CF68A787}.Ad-Hoc|x86.Build.0 = Release|x86
		{6BDADAD2-B0B3-489E-B2DA-E1B9CF68A787}.AppStore|Any CPU.ActiveCfg = Release|Any CPU
		{6BDADAD2-B0B3-489E-B2DA-E1B9CF68A787}.AppStore|Any CPU.Build.0 = Release|Any CPU
		{6BDADAD2-B0B3-489E-B2DA-E1B9CF68A787}.AppStore|ARM.ActiveCfg = Release|ARM
		{6BDADAD2-B0B3-489E-B2DA-E1B9CF68A787}.AppStore|ARM.Build.0 = Release|ARM
		{6BDADAD2-B0B3-489E-B2DA-E1B9CF68A787}.AppStore|iPhone.ActiveCfg = Release|Any CPU
		{6BDADAD2-B0B3-489E-B2DA-E1B9CF68A787}.AppStore|iPhone.Build.0 = Release|Any CPU
		{6BDADAD2-B0B3-489E-B2DA-E1B9CF68A787}.AppStore|iPhoneSimulator.ActiveCfg = Release|Any CPU
		{6BDADAD2-B0B3-489E-B2DA-E1B9CF68A787}.AppStore|iPhoneSimulator.Build.0 = Release|Any CPU
		{6BDADAD2-B0B3-489E-B2DA-E1B9CF68A787}.AppStore|x64.ActiveCfg = Release|x64
		{6BDADAD2-B0B3-489E-B2DA-E1B9CF68A787}.AppStore|x64.Build.0 = Release|x64
		{6BDADAD2-B0B3-489E-B2DA-E1B9CF68A787}.AppStore|x86.ActiveCfg = Release|x86
		{6BDADAD2-B0B3-489E-B2DA-E1B9CF68A787}.AppStore|x86.Build.0 = Release|x86
		{6BDADAD2-B0B3-489E-B2DA-E1B9CF68A787}.Debug|Any CPU.ActiveCfg = Debug|Any CPU
		{6BDADAD2-B0B3-489E-B2DA-E1B9CF68A787}.Debug|Any CPU.Build.0 = Debug|Any CPU
		{6BDADAD2-B0B3-489E-B2DA-E1B9CF68A787}.Debug|ARM.ActiveCfg = Debug|ARM
		{6BDADAD2-B0B3-489E-B2DA-E1B9CF68A787}.Debug|ARM.Build.0 = Debug|ARM
		{6BDADAD2-B0B3-489E-B2DA-E1B9CF68A787}.Debug|iPhone.ActiveCfg = Debug|Any CPU
		{6BDADAD2-B0B3-489E-B2DA-E1B9CF68A787}.Debug|iPhone.Build.0 = Debug|Any CPU
		{6BDADAD2-B0B3-489E-B2DA-E1B9CF68A787}.Debug|iPhoneSimulator.ActiveCfg = Debug|Any CPU
		{6BDADAD2-B0B3-489E-B2DA-E1B9CF68A787}.Debug|iPhoneSimulator.Build.0 = Debug|Any CPU
		{6BDADAD2-B0B3-489E-B2DA-E1B9CF68A787}.Debug|x64.ActiveCfg = Debug|x64
		{6BDADAD2-B0B3-489E-B2DA-E1B9CF68A787}.Debug|x64.Build.0 = Debug|x64
		{6BDADAD2-B0B3-489E-B2DA-E1B9CF68A787}.Debug|x86.ActiveCfg = Debug|x86
		{6BDADAD2-B0B3-489E-B2DA-E1B9CF68A787}.Debug|x86.Build.0 = Debug|x86
		{6BDADAD2-B0B3-489E-B2DA-E1B9CF68A787}.Release|Any CPU.ActiveCfg = Release|Any CPU
		{6BDADAD2-B0B3-489E-B2DA-E1B9CF68A787}.Release|Any CPU.Build.0 = Release|Any CPU
		{6BDADAD2-B0B3-489E-B2DA-E1B9CF68A787}.Release|ARM.ActiveCfg = Release|ARM
		{6BDADAD2-B0B3-489E-B2DA-E1B9CF68A787}.Release|ARM.Build.0 = Release|ARM
		{6BDADAD2-B0B3-489E-B2DA-E1B9CF68A787}.Release|iPhone.ActiveCfg = Release|Any CPU
		{6BDADAD2-B0B3-489E-B2DA-E1B9CF68A787}.Release|iPhone.Build.0 = Release|Any CPU
		{6BDADAD2-B0B3-489E-B2DA-E1B9CF68A787}.Release|iPhoneSimulator.ActiveCfg = Release|Any CPU
		{6BDADAD2-B0B3-489E-B2DA-E1B9CF68A787}.Release|iPhoneSimulator.Build.0 = Release|Any CPU
		{6BDADAD2-B0B3-489E-B2DA-E1B9CF68A787}.Release|x64.ActiveCfg = Release|x64
		{6BDADAD2-B0B3-489E-B2DA-E1B9CF68A787}.Release|x64.Build.0 = Release|x64
		{6BDADAD2-B0B3-489E-B2DA-E1B9CF68A787}.Release|x86.ActiveCfg = Release|x86
		{6BDADAD2-B0B3-489E-B2DA-E1B9CF68A787}.Release|x86.Build.0 = Release|x86
		{B159244C-199D-49B4-93F8-FAC12DE5D52A}.Ad-Hoc|Any CPU.ActiveCfg = Release|Any CPU
		{B159244C-199D-49B4-93F8-FAC12DE5D52A}.Ad-Hoc|Any CPU.Build.0 = Release|Any CPU
		{B159244C-199D-49B4-93F8-FAC12DE5D52A}.Ad-Hoc|ARM.ActiveCfg = Release|Any CPU
		{B159244C-199D-49B4-93F8-FAC12DE5D52A}.Ad-Hoc|ARM.Build.0 = Release|Any CPU
		{B159244C-199D-49B4-93F8-FAC12DE5D52A}.Ad-Hoc|iPhone.ActiveCfg = Release|Any CPU
		{B159244C-199D-49B4-93F8-FAC12DE5D52A}.Ad-Hoc|iPhone.Build.0 = Release|Any CPU
		{B159244C-199D-49B4-93F8-FAC12DE5D52A}.Ad-Hoc|iPhoneSimulator.ActiveCfg = Release|Any CPU
		{B159244C-199D-49B4-93F8-FAC12DE5D52A}.Ad-Hoc|iPhoneSimulator.Build.0 = Release|Any CPU
		{B159244C-199D-49B4-93F8-FAC12DE5D52A}.Ad-Hoc|x64.ActiveCfg = Release|Any CPU
		{B159244C-199D-49B4-93F8-FAC12DE5D52A}.Ad-Hoc|x64.Build.0 = Release|Any CPU
		{B159244C-199D-49B4-93F8-FAC12DE5D52A}.Ad-Hoc|x86.ActiveCfg = Release|Any CPU
		{B159244C-199D-49B4-93F8-FAC12DE5D52A}.Ad-Hoc|x86.Build.0 = Release|Any CPU
		{B159244C-199D-49B4-93F8-FAC12DE5D52A}.AppStore|Any CPU.ActiveCfg = Release|Any CPU
		{B159244C-199D-49B4-93F8-FAC12DE5D52A}.AppStore|Any CPU.Build.0 = Release|Any CPU
		{B159244C-199D-49B4-93F8-FAC12DE5D52A}.AppStore|ARM.ActiveCfg = Release|Any CPU
		{B159244C-199D-49B4-93F8-FAC12DE5D52A}.AppStore|ARM.Build.0 = Release|Any CPU
		{B159244C-199D-49B4-93F8-FAC12DE5D52A}.AppStore|iPhone.ActiveCfg = Release|Any CPU
		{B159244C-199D-49B4-93F8-FAC12DE5D52A}.AppStore|iPhone.Build.0 = Release|Any CPU
		{B159244C-199D-49B4-93F8-FAC12DE5D52A}.AppStore|iPhoneSimulator.ActiveCfg = Release|Any CPU
		{B159244C-199D-49B4-93F8-FAC12DE5D52A}.AppStore|iPhoneSimulator.Build.0 = Release|Any CPU
		{B159244C-199D-49B4-93F8-FAC12DE5D52A}.AppStore|x64.ActiveCfg = Release|Any CPU
		{B159244C-199D-49B4-93F8-FAC12DE5D52A}.AppStore|x64.Build.0 = Release|Any CPU
		{B159244C-199D-49B4-93F8-FAC12DE5D52A}.AppStore|x86.ActiveCfg = Release|Any CPU
		{B159244C-199D-49B4-93F8-FAC12DE5D52A}.AppStore|x86.Build.0 = Release|Any CPU
		{B159244C-199D-49B4-93F8-FAC12DE5D52A}.Debug|Any CPU.ActiveCfg = Debug|Any CPU
		{B159244C-199D-49B4-93F8-FAC12DE5D52A}.Debug|Any CPU.Build.0 = Debug|Any CPU
		{B159244C-199D-49B4-93F8-FAC12DE5D52A}.Debug|ARM.ActiveCfg = Debug|Any CPU
		{B159244C-199D-49B4-93F8-FAC12DE5D52A}.Debug|ARM.Build.0 = Debug|Any CPU
		{B159244C-199D-49B4-93F8-FAC12DE5D52A}.Debug|iPhone.ActiveCfg = Debug|Any CPU
		{B159244C-199D-49B4-93F8-FAC12DE5D52A}.Debug|iPhone.Build.0 = Debug|Any CPU
		{B159244C-199D-49B4-93F8-FAC12DE5D52A}.Debug|iPhoneSimulator.ActiveCfg = Debug|Any CPU
		{B159244C-199D-49B4-93F8-FAC12DE5D52A}.Debug|iPhoneSimulator.Build.0 = Debug|Any CPU
		{B159244C-199D-49B4-93F8-FAC12DE5D52A}.Debug|x64.ActiveCfg = Debug|Any CPU
		{B159244C-199D-49B4-93F8-FAC12DE5D52A}.Debug|x64.Build.0 = Debug|Any CPU
		{B159244C-199D-49B4-93F8-FAC12DE5D52A}.Debug|x86.ActiveCfg = Debug|Any CPU
		{B159244C-199D-49B4-93F8-FAC12DE5D52A}.Debug|x86.Build.0 = Debug|Any CPU
		{B159244C-199D-49B4-93F8-FAC12DE5D52A}.Release|Any CPU.ActiveCfg = Release|Any CPU
		{B159244C-199D-49B4-93F8-FAC12DE5D52A}.Release|Any CPU.Build.0 = Release|Any CPU
		{B159244C-199D-49B4-93F8-FAC12DE5D52A}.Release|ARM.ActiveCfg = Release|Any CPU
		{B159244C-199D-49B4-93F8-FAC12DE5D52A}.Release|ARM.Build.0 = Release|Any CPU
		{B159244C-199D-49B4-93F8-FAC12DE5D52A}.Release|iPhone.ActiveCfg = Release|Any CPU
		{B159244C-199D-49B4-93F8-FAC12DE5D52A}.Release|iPhone.Build.0 = Release|Any CPU
		{B159244C-199D-49B4-93F8-FAC12DE5D52A}.Release|iPhoneSimulator.ActiveCfg = Release|Any CPU
		{B159244C-199D-49B4-93F8-FAC12DE5D52A}.Release|iPhoneSimulator.Build.0 = Release|Any CPU
		{B159244C-199D-49B4-93F8-FAC12DE5D52A}.Release|x64.ActiveCfg = Release|Any CPU
		{B159244C-199D-49B4-93F8-FAC12DE5D52A}.Release|x64.Build.0 = Release|Any CPU
		{B159244C-199D-49B4-93F8-FAC12DE5D52A}.Release|x86.ActiveCfg = Release|Any CPU
		{B159244C-199D-49B4-93F8-FAC12DE5D52A}.Release|x86.Build.0 = Release|Any CPU
		{8575E8FB-ECC7-4DF5-B202-C72A73EABF71}.Ad-Hoc|Any CPU.ActiveCfg = Release|Any CPU
		{8575E8FB-ECC7-4DF5-B202-C72A73EABF71}.Ad-Hoc|Any CPU.Build.0 = Release|Any CPU
		{8575E8FB-ECC7-4DF5-B202-C72A73EABF71}.Ad-Hoc|ARM.ActiveCfg = Release|Any CPU
		{8575E8FB-ECC7-4DF5-B202-C72A73EABF71}.Ad-Hoc|ARM.Build.0 = Release|Any CPU
		{8575E8FB-ECC7-4DF5-B202-C72A73EABF71}.Ad-Hoc|iPhone.ActiveCfg = Release|Any CPU
		{8575E8FB-ECC7-4DF5-B202-C72A73EABF71}.Ad-Hoc|iPhone.Build.0 = Release|Any CPU
		{8575E8FB-ECC7-4DF5-B202-C72A73EABF71}.Ad-Hoc|iPhoneSimulator.ActiveCfg = Release|Any CPU
		{8575E8FB-ECC7-4DF5-B202-C72A73EABF71}.Ad-Hoc|iPhoneSimulator.Build.0 = Release|Any CPU
		{8575E8FB-ECC7-4DF5-B202-C72A73EABF71}.Ad-Hoc|x64.ActiveCfg = Release|Any CPU
		{8575E8FB-ECC7-4DF5-B202-C72A73EABF71}.Ad-Hoc|x64.Build.0 = Release|Any CPU
		{8575E8FB-ECC7-4DF5-B202-C72A73EABF71}.Ad-Hoc|x86.ActiveCfg = Release|Any CPU
		{8575E8FB-ECC7-4DF5-B202-C72A73EABF71}.Ad-Hoc|x86.Build.0 = Release|Any CPU
		{8575E8FB-ECC7-4DF5-B202-C72A73EABF71}.AppStore|Any CPU.ActiveCfg = Release|Any CPU
		{8575E8FB-ECC7-4DF5-B202-C72A73EABF71}.AppStore|Any CPU.Build.0 = Release|Any CPU
		{8575E8FB-ECC7-4DF5-B202-C72A73EABF71}.AppStore|ARM.ActiveCfg = Release|Any CPU
		{8575E8FB-ECC7-4DF5-B202-C72A73EABF71}.AppStore|ARM.Build.0 = Release|Any CPU
		{8575E8FB-ECC7-4DF5-B202-C72A73EABF71}.AppStore|iPhone.ActiveCfg = Release|Any CPU
		{8575E8FB-ECC7-4DF5-B202-C72A73EABF71}.AppStore|iPhone.Build.0 = Release|Any CPU
		{8575E8FB-ECC7-4DF5-B202-C72A73EABF71}.AppStore|iPhoneSimulator.ActiveCfg = Release|Any CPU
		{8575E8FB-ECC7-4DF5-B202-C72A73EABF71}.AppStore|iPhoneSimulator.Build.0 = Release|Any CPU
		{8575E8FB-ECC7-4DF5-B202-C72A73EABF71}.AppStore|x64.ActiveCfg = Release|Any CPU
		{8575E8FB-ECC7-4DF5-B202-C72A73EABF71}.AppStore|x64.Build.0 = Release|Any CPU
		{8575E8FB-ECC7-4DF5-B202-C72A73EABF71}.AppStore|x86.ActiveCfg = Release|Any CPU
		{8575E8FB-ECC7-4DF5-B202-C72A73EABF71}.AppStore|x86.Build.0 = Release|Any CPU
		{8575E8FB-ECC7-4DF5-B202-C72A73EABF71}.Debug|Any CPU.ActiveCfg = Debug|Any CPU
		{8575E8FB-ECC7-4DF5-B202-C72A73EABF71}.Debug|Any CPU.Build.0 = Debug|Any CPU
		{8575E8FB-ECC7-4DF5-B202-C72A73EABF71}.Debug|ARM.ActiveCfg = Debug|Any CPU
		{8575E8FB-ECC7-4DF5-B202-C72A73EABF71}.Debug|ARM.Build.0 = Debug|Any CPU
		{8575E8FB-ECC7-4DF5-B202-C72A73EABF71}.Debug|iPhone.ActiveCfg = Debug|Any CPU
		{8575E8FB-ECC7-4DF5-B202-C72A73EABF71}.Debug|iPhone.Build.0 = Debug|Any CPU
		{8575E8FB-ECC7-4DF5-B202-C72A73EABF71}.Debug|iPhoneSimulator.ActiveCfg = Debug|Any CPU
		{8575E8FB-ECC7-4DF5-B202-C72A73EABF71}.Debug|iPhoneSimulator.Build.0 = Debug|Any CPU
		{8575E8FB-ECC7-4DF5-B202-C72A73EABF71}.Debug|x64.ActiveCfg = Debug|Any CPU
		{8575E8FB-ECC7-4DF5-B202-C72A73EABF71}.Debug|x64.Build.0 = Debug|Any CPU
		{8575E8FB-ECC7-4DF5-B202-C72A73EABF71}.Debug|x86.ActiveCfg = Debug|Any CPU
		{8575E8FB-ECC7-4DF5-B202-C72A73EABF71}.Debug|x86.Build.0 = Debug|Any CPU
		{8575E8FB-ECC7-4DF5-B202-C72A73EABF71}.Release|Any CPU.ActiveCfg = Release|Any CPU
		{8575E8FB-ECC7-4DF5-B202-C72A73EABF71}.Release|Any CPU.Build.0 = Release|Any CPU
		{8575E8FB-ECC7-4DF5-B202-C72A73EABF71}.Release|ARM.ActiveCfg = Release|Any CPU
		{8575E8FB-ECC7-4DF5-B202-C72A73EABF71}.Release|ARM.Build.0 = Release|Any CPU
		{8575E8FB-ECC7-4DF5-B202-C72A73EABF71}.Release|iPhone.ActiveCfg = Release|Any CPU
		{8575E8FB-ECC7-4DF5-B202-C72A73EABF71}.Release|iPhone.Build.0 = Release|Any CPU
		{8575E8FB-ECC7-4DF5-B202-C72A73EABF71}.Release|iPhoneSimulator.ActiveCfg = Release|Any CPU
		{8575E8FB-ECC7-4DF5-B202-C72A73EABF71}.Release|iPhoneSimulator.Build.0 = Release|Any CPU
		{8575E8FB-ECC7-4DF5-B202-C72A73EABF71}.Release|x64.ActiveCfg = Release|Any CPU
		{8575E8FB-ECC7-4DF5-B202-C72A73EABF71}.Release|x64.Build.0 = Release|Any CPU
		{8575E8FB-ECC7-4DF5-B202-C72A73EABF71}.Release|x86.ActiveCfg = Release|Any CPU
		{8575E8FB-ECC7-4DF5-B202-C72A73EABF71}.Release|x86.Build.0 = Release|Any CPU
		{5F89C8FF-5259-49A1-A718-B98CC3D80B19}.Ad-Hoc|Any CPU.ActiveCfg = Release|Any CPU
		{5F89C8FF-5259-49A1-A718-B98CC3D80B19}.Ad-Hoc|Any CPU.Build.0 = Release|Any CPU
		{5F89C8FF-5259-49A1-A718-B98CC3D80B19}.Ad-Hoc|Any CPU.Deploy.0 = Release|Any CPU
		{5F89C8FF-5259-49A1-A718-B98CC3D80B19}.Ad-Hoc|ARM.ActiveCfg = Release|Any CPU
		{5F89C8FF-5259-49A1-A718-B98CC3D80B19}.Ad-Hoc|ARM.Build.0 = Release|Any CPU
		{5F89C8FF-5259-49A1-A718-B98CC3D80B19}.Ad-Hoc|ARM.Deploy.0 = Release|Any CPU
		{5F89C8FF-5259-49A1-A718-B98CC3D80B19}.Ad-Hoc|iPhone.ActiveCfg = Release|Any CPU
		{5F89C8FF-5259-49A1-A718-B98CC3D80B19}.Ad-Hoc|iPhone.Build.0 = Release|Any CPU
		{5F89C8FF-5259-49A1-A718-B98CC3D80B19}.Ad-Hoc|iPhone.Deploy.0 = Release|Any CPU
		{5F89C8FF-5259-49A1-A718-B98CC3D80B19}.Ad-Hoc|iPhoneSimulator.ActiveCfg = Release|Any CPU
		{5F89C8FF-5259-49A1-A718-B98CC3D80B19}.Ad-Hoc|iPhoneSimulator.Build.0 = Release|Any CPU
		{5F89C8FF-5259-49A1-A718-B98CC3D80B19}.Ad-Hoc|iPhoneSimulator.Deploy.0 = Release|Any CPU
		{5F89C8FF-5259-49A1-A718-B98CC3D80B19}.Ad-Hoc|x64.ActiveCfg = Release|Any CPU
		{5F89C8FF-5259-49A1-A718-B98CC3D80B19}.Ad-Hoc|x64.Build.0 = Release|Any CPU
		{5F89C8FF-5259-49A1-A718-B98CC3D80B19}.Ad-Hoc|x64.Deploy.0 = Release|Any CPU
		{5F89C8FF-5259-49A1-A718-B98CC3D80B19}.Ad-Hoc|x86.ActiveCfg = Release|Any CPU
		{5F89C8FF-5259-49A1-A718-B98CC3D80B19}.Ad-Hoc|x86.Build.0 = Release|Any CPU
		{5F89C8FF-5259-49A1-A718-B98CC3D80B19}.Ad-Hoc|x86.Deploy.0 = Release|Any CPU
		{5F89C8FF-5259-49A1-A718-B98CC3D80B19}.AppStore|Any CPU.ActiveCfg = Release|Any CPU
		{5F89C8FF-5259-49A1-A718-B98CC3D80B19}.AppStore|Any CPU.Build.0 = Release|Any CPU
		{5F89C8FF-5259-49A1-A718-B98CC3D80B19}.AppStore|Any CPU.Deploy.0 = Release|Any CPU
		{5F89C8FF-5259-49A1-A718-B98CC3D80B19}.AppStore|ARM.ActiveCfg = Release|Any CPU
		{5F89C8FF-5259-49A1-A718-B98CC3D80B19}.AppStore|ARM.Build.0 = Release|Any CPU
		{5F89C8FF-5259-49A1-A718-B98CC3D80B19}.AppStore|ARM.Deploy.0 = Release|Any CPU
		{5F89C8FF-5259-49A1-A718-B98CC3D80B19}.AppStore|iPhone.ActiveCfg = Release|Any CPU
		{5F89C8FF-5259-49A1-A718-B98CC3D80B19}.AppStore|iPhone.Build.0 = Release|Any CPU
		{5F89C8FF-5259-49A1-A718-B98CC3D80B19}.AppStore|iPhone.Deploy.0 = Release|Any CPU
		{5F89C8FF-5259-49A1-A718-B98CC3D80B19}.AppStore|iPhoneSimulator.ActiveCfg = Release|Any CPU
		{5F89C8FF-5259-49A1-A718-B98CC3D80B19}.AppStore|iPhoneSimulator.Build.0 = Release|Any CPU
		{5F89C8FF-5259-49A1-A718-B98CC3D80B19}.AppStore|iPhoneSimulator.Deploy.0 = Release|Any CPU
		{5F89C8FF-5259-49A1-A718-B98CC3D80B19}.AppStore|x64.ActiveCfg = Release|Any CPU
		{5F89C8FF-5259-49A1-A718-B98CC3D80B19}.AppStore|x64.Build.0 = Release|Any CPU
		{5F89C8FF-5259-49A1-A718-B98CC3D80B19}.AppStore|x64.Deploy.0 = Release|Any CPU
		{5F89C8FF-5259-49A1-A718-B98CC3D80B19}.AppStore|x86.ActiveCfg = Release|Any CPU
		{5F89C8FF-5259-49A1-A718-B98CC3D80B19}.AppStore|x86.Build.0 = Release|Any CPU
		{5F89C8FF-5259-49A1-A718-B98CC3D80B19}.AppStore|x86.Deploy.0 = Release|Any CPU
		{5F89C8FF-5259-49A1-A718-B98CC3D80B19}.Debug|Any CPU.ActiveCfg = Debug|Any CPU
		{5F89C8FF-5259-49A1-A718-B98CC3D80B19}.Debug|Any CPU.Build.0 = Debug|Any CPU
		{5F89C8FF-5259-49A1-A718-B98CC3D80B19}.Debug|Any CPU.Deploy.0 = Debug|Any CPU
		{5F89C8FF-5259-49A1-A718-B98CC3D80B19}.Debug|ARM.ActiveCfg = Debug|Any CPU
		{5F89C8FF-5259-49A1-A718-B98CC3D80B19}.Debug|ARM.Build.0 = Debug|Any CPU
		{5F89C8FF-5259-49A1-A718-B98CC3D80B19}.Debug|ARM.Deploy.0 = Debug|Any CPU
		{5F89C8FF-5259-49A1-A718-B98CC3D80B19}.Debug|iPhone.ActiveCfg = Debug|Any CPU
		{5F89C8FF-5259-49A1-A718-B98CC3D80B19}.Debug|iPhone.Build.0 = Debug|Any CPU
		{5F89C8FF-5259-49A1-A718-B98CC3D80B19}.Debug|iPhone.Deploy.0 = Debug|Any CPU
		{5F89C8FF-5259-49A1-A718-B98CC3D80B19}.Debug|iPhoneSimulator.ActiveCfg = Debug|Any CPU
		{5F89C8FF-5259-49A1-A718-B98CC3D80B19}.Debug|x64.ActiveCfg = Debug|Any CPU
		{5F89C8FF-5259-49A1-A718-B98CC3D80B19}.Debug|x64.Build.0 = Debug|Any CPU
		{5F89C8FF-5259-49A1-A718-B98CC3D80B19}.Debug|x64.Deploy.0 = Debug|Any CPU
		{5F89C8FF-5259-49A1-A718-B98CC3D80B19}.Debug|x86.ActiveCfg = Debug|Any CPU
		{5F89C8FF-5259-49A1-A718-B98CC3D80B19}.Debug|x86.Build.0 = Debug|Any CPU
		{5F89C8FF-5259-49A1-A718-B98CC3D80B19}.Debug|x86.Deploy.0 = Debug|Any CPU
		{5F89C8FF-5259-49A1-A718-B98CC3D80B19}.Release|Any CPU.ActiveCfg = Release|Any CPU
		{5F89C8FF-5259-49A1-A718-B98CC3D80B19}.Release|Any CPU.Build.0 = Release|Any CPU
		{5F89C8FF-5259-49A1-A718-B98CC3D80B19}.Release|Any CPU.Deploy.0 = Release|Any CPU
		{5F89C8FF-5259-49A1-A718-B98CC3D80B19}.Release|ARM.ActiveCfg = Release|Any CPU
		{5F89C8FF-5259-49A1-A718-B98CC3D80B19}.Release|ARM.Build.0 = Release|Any CPU
		{5F89C8FF-5259-49A1-A718-B98CC3D80B19}.Release|ARM.Deploy.0 = Release|Any CPU
		{5F89C8FF-5259-49A1-A718-B98CC3D80B19}.Release|iPhone.ActiveCfg = Release|Any CPU
		{5F89C8FF-5259-49A1-A718-B98CC3D80B19}.Release|iPhone.Build.0 = Release|Any CPU
		{5F89C8FF-5259-49A1-A718-B98CC3D80B19}.Release|iPhone.Deploy.0 = Release|Any CPU
		{5F89C8FF-5259-49A1-A718-B98CC3D80B19}.Release|iPhoneSimulator.ActiveCfg = Release|Any CPU
		{5F89C8FF-5259-49A1-A718-B98CC3D80B19}.Release|iPhoneSimulator.Build.0 = Release|Any CPU
		{5F89C8FF-5259-49A1-A718-B98CC3D80B19}.Release|iPhoneSimulator.Deploy.0 = Release|Any CPU
		{5F89C8FF-5259-49A1-A718-B98CC3D80B19}.Release|x64.ActiveCfg = Release|Any CPU
		{5F89C8FF-5259-49A1-A718-B98CC3D80B19}.Release|x64.Build.0 = Release|Any CPU
		{5F89C8FF-5259-49A1-A718-B98CC3D80B19}.Release|x64.Deploy.0 = Release|Any CPU
		{5F89C8FF-5259-49A1-A718-B98CC3D80B19}.Release|x86.ActiveCfg = Release|Any CPU
		{5F89C8FF-5259-49A1-A718-B98CC3D80B19}.Release|x86.Build.0 = Release|Any CPU
		{5F89C8FF-5259-49A1-A718-B98CC3D80B19}.Release|x86.Deploy.0 = Release|Any CPU
		{C046CCF6-1B5F-4662-B3DC-AA195FF97CE8}.Ad-Hoc|Any CPU.ActiveCfg = Ad-Hoc|iPhone
		{C046CCF6-1B5F-4662-B3DC-AA195FF97CE8}.Ad-Hoc|ARM.ActiveCfg = Ad-Hoc|iPhone
		{C046CCF6-1B5F-4662-B3DC-AA195FF97CE8}.Ad-Hoc|iPhone.ActiveCfg = Ad-Hoc|iPhone
		{C046CCF6-1B5F-4662-B3DC-AA195FF97CE8}.Ad-Hoc|iPhone.Build.0 = Ad-Hoc|iPhone
		{C046CCF6-1B5F-4662-B3DC-AA195FF97CE8}.Ad-Hoc|iPhoneSimulator.ActiveCfg = Ad-Hoc|iPhoneSimulator
		{C046CCF6-1B5F-4662-B3DC-AA195FF97CE8}.Ad-Hoc|iPhoneSimulator.Build.0 = Ad-Hoc|iPhoneSimulator
		{C046CCF6-1B5F-4662-B3DC-AA195FF97CE8}.Ad-Hoc|x64.ActiveCfg = Ad-Hoc|iPhone
		{C046CCF6-1B5F-4662-B3DC-AA195FF97CE8}.Ad-Hoc|x86.ActiveCfg = Ad-Hoc|iPhone
		{C046CCF6-1B5F-4662-B3DC-AA195FF97CE8}.AppStore|Any CPU.ActiveCfg = AppStore|iPhone
		{C046CCF6-1B5F-4662-B3DC-AA195FF97CE8}.AppStore|ARM.ActiveCfg = AppStore|iPhone
		{C046CCF6-1B5F-4662-B3DC-AA195FF97CE8}.AppStore|iPhone.ActiveCfg = AppStore|iPhone
		{C046CCF6-1B5F-4662-B3DC-AA195FF97CE8}.AppStore|iPhone.Build.0 = AppStore|iPhone
		{C046CCF6-1B5F-4662-B3DC-AA195FF97CE8}.AppStore|iPhoneSimulator.ActiveCfg = AppStore|iPhoneSimulator
		{C046CCF6-1B5F-4662-B3DC-AA195FF97CE8}.AppStore|iPhoneSimulator.Build.0 = AppStore|iPhoneSimulator
		{C046CCF6-1B5F-4662-B3DC-AA195FF97CE8}.AppStore|x64.ActiveCfg = AppStore|iPhone
		{C046CCF6-1B5F-4662-B3DC-AA195FF97CE8}.AppStore|x86.ActiveCfg = AppStore|iPhone
		{C046CCF6-1B5F-4662-B3DC-AA195FF97CE8}.Debug|Any CPU.ActiveCfg = Debug|iPhone
		{C046CCF6-1B5F-4662-B3DC-AA195FF97CE8}.Debug|ARM.ActiveCfg = Debug|iPhone
		{C046CCF6-1B5F-4662-B3DC-AA195FF97CE8}.Debug|iPhone.ActiveCfg = Debug|iPhone
		{C046CCF6-1B5F-4662-B3DC-AA195FF97CE8}.Debug|iPhone.Build.0 = Debug|iPhone
		{C046CCF6-1B5F-4662-B3DC-AA195FF97CE8}.Debug|iPhoneSimulator.ActiveCfg = Debug|iPhoneSimulator
		{C046CCF6-1B5F-4662-B3DC-AA195FF97CE8}.Debug|iPhoneSimulator.Build.0 = Debug|iPhoneSimulator
		{C046CCF6-1B5F-4662-B3DC-AA195FF97CE8}.Debug|x64.ActiveCfg = Debug|iPhone
		{C046CCF6-1B5F-4662-B3DC-AA195FF97CE8}.Debug|x86.ActiveCfg = Debug|iPhone
		{C046CCF6-1B5F-4662-B3DC-AA195FF97CE8}.Release|Any CPU.ActiveCfg = Release|iPhone
		{C046CCF6-1B5F-4662-B3DC-AA195FF97CE8}.Release|ARM.ActiveCfg = Release|iPhone
		{C046CCF6-1B5F-4662-B3DC-AA195FF97CE8}.Release|iPhone.ActiveCfg = Release|iPhone
		{C046CCF6-1B5F-4662-B3DC-AA195FF97CE8}.Release|iPhone.Build.0 = Release|iPhone
		{C046CCF6-1B5F-4662-B3DC-AA195FF97CE8}.Release|iPhoneSimulator.ActiveCfg = Release|iPhoneSimulator
		{C046CCF6-1B5F-4662-B3DC-AA195FF97CE8}.Release|iPhoneSimulator.Build.0 = Release|iPhoneSimulator
		{C046CCF6-1B5F-4662-B3DC-AA195FF97CE8}.Release|x64.ActiveCfg = Release|iPhone
		{C046CCF6-1B5F-4662-B3DC-AA195FF97CE8}.Release|x86.ActiveCfg = Release|iPhone
		{97E11751-36C4-49A4-A828-DF731013CB91}.Ad-Hoc|Any CPU.ActiveCfg = Release|Any CPU
		{97E11751-36C4-49A4-A828-DF731013CB91}.Ad-Hoc|Any CPU.Build.0 = Release|Any CPU
		{97E11751-36C4-49A4-A828-DF731013CB91}.Ad-Hoc|ARM.ActiveCfg = Release|ARM
		{97E11751-36C4-49A4-A828-DF731013CB91}.Ad-Hoc|ARM.Build.0 = Release|ARM
		{97E11751-36C4-49A4-A828-DF731013CB91}.Ad-Hoc|iPhone.ActiveCfg = Release|Any CPU
		{97E11751-36C4-49A4-A828-DF731013CB91}.Ad-Hoc|iPhone.Build.0 = Release|Any CPU
		{97E11751-36C4-49A4-A828-DF731013CB91}.Ad-Hoc|iPhoneSimulator.ActiveCfg = Release|Any CPU
		{97E11751-36C4-49A4-A828-DF731013CB91}.Ad-Hoc|iPhoneSimulator.Build.0 = Release|Any CPU
		{97E11751-36C4-49A4-A828-DF731013CB91}.Ad-Hoc|x64.ActiveCfg = Release|x64
		{97E11751-36C4-49A4-A828-DF731013CB91}.Ad-Hoc|x64.Build.0 = Release|x64
		{97E11751-36C4-49A4-A828-DF731013CB91}.Ad-Hoc|x86.ActiveCfg = Release|x86
		{97E11751-36C4-49A4-A828-DF731013CB91}.Ad-Hoc|x86.Build.0 = Release|x86
		{97E11751-36C4-49A4-A828-DF731013CB91}.AppStore|Any CPU.ActiveCfg = Release|Any CPU
		{97E11751-36C4-49A4-A828-DF731013CB91}.AppStore|Any CPU.Build.0 = Release|Any CPU
		{97E11751-36C4-49A4-A828-DF731013CB91}.AppStore|ARM.ActiveCfg = Release|ARM
		{97E11751-36C4-49A4-A828-DF731013CB91}.AppStore|ARM.Build.0 = Release|ARM
		{97E11751-36C4-49A4-A828-DF731013CB91}.AppStore|iPhone.ActiveCfg = Release|Any CPU
		{97E11751-36C4-49A4-A828-DF731013CB91}.AppStore|iPhone.Build.0 = Release|Any CPU
		{97E11751-36C4-49A4-A828-DF731013CB91}.AppStore|iPhoneSimulator.ActiveCfg = Release|Any CPU
		{97E11751-36C4-49A4-A828-DF731013CB91}.AppStore|iPhoneSimulator.Build.0 = Release|Any CPU
		{97E11751-36C4-49A4-A828-DF731013CB91}.AppStore|x64.ActiveCfg = Release|x64
		{97E11751-36C4-49A4-A828-DF731013CB91}.AppStore|x64.Build.0 = Release|x64
		{97E11751-36C4-49A4-A828-DF731013CB91}.AppStore|x86.ActiveCfg = Release|x86
		{97E11751-36C4-49A4-A828-DF731013CB91}.AppStore|x86.Build.0 = Release|x86
		{97E11751-36C4-49A4-A828-DF731013CB91}.Debug|Any CPU.ActiveCfg = Debug|Any CPU
		{97E11751-36C4-49A4-A828-DF731013CB91}.Debug|Any CPU.Build.0 = Debug|Any CPU
		{97E11751-36C4-49A4-A828-DF731013CB91}.Debug|ARM.ActiveCfg = Debug|ARM
		{97E11751-36C4-49A4-A828-DF731013CB91}.Debug|ARM.Build.0 = Debug|ARM
		{97E11751-36C4-49A4-A828-DF731013CB91}.Debug|iPhone.ActiveCfg = Debug|Any CPU
		{97E11751-36C4-49A4-A828-DF731013CB91}.Debug|iPhone.Build.0 = Debug|Any CPU
		{97E11751-36C4-49A4-A828-DF731013CB91}.Debug|iPhoneSimulator.ActiveCfg = Debug|Any CPU
		{97E11751-36C4-49A4-A828-DF731013CB91}.Debug|iPhoneSimulator.Build.0 = Debug|Any CPU
		{97E11751-36C4-49A4-A828-DF731013CB91}.Debug|x64.ActiveCfg = Debug|x64
		{97E11751-36C4-49A4-A828-DF731013CB91}.Debug|x64.Build.0 = Debug|x64
		{97E11751-36C4-49A4-A828-DF731013CB91}.Debug|x86.ActiveCfg = Debug|x86
		{97E11751-36C4-49A4-A828-DF731013CB91}.Debug|x86.Build.0 = Debug|x86
		{97E11751-36C4-49A4-A828-DF731013CB91}.Release|Any CPU.ActiveCfg = Release|Any CPU
		{97E11751-36C4-49A4-A828-DF731013CB91}.Release|Any CPU.Build.0 = Release|Any CPU
		{97E11751-36C4-49A4-A828-DF731013CB91}.Release|ARM.ActiveCfg = Release|ARM
		{97E11751-36C4-49A4-A828-DF731013CB91}.Release|ARM.Build.0 = Release|ARM
		{97E11751-36C4-49A4-A828-DF731013CB91}.Release|iPhone.ActiveCfg = Release|Any CPU
		{97E11751-36C4-49A4-A828-DF731013CB91}.Release|iPhone.Build.0 = Release|Any CPU
		{97E11751-36C4-49A4-A828-DF731013CB91}.Release|iPhoneSimulator.ActiveCfg = Release|Any CPU
		{97E11751-36C4-49A4-A828-DF731013CB91}.Release|iPhoneSimulator.Build.0 = Release|Any CPU
		{97E11751-36C4-49A4-A828-DF731013CB91}.Release|x64.ActiveCfg = Release|x64
		{97E11751-36C4-49A4-A828-DF731013CB91}.Release|x64.Build.0 = Release|x64
		{97E11751-36C4-49A4-A828-DF731013CB91}.Release|x86.ActiveCfg = Release|x86
		{97E11751-36C4-49A4-A828-DF731013CB91}.Release|x86.Build.0 = Release|x86
		{AC3E4F10-6615-4E16-BB0F-104760C92B95}.Ad-Hoc|Any CPU.ActiveCfg = Release|Any CPU
		{AC3E4F10-6615-4E16-BB0F-104760C92B95}.Ad-Hoc|Any CPU.Build.0 = Release|Any CPU
		{AC3E4F10-6615-4E16-BB0F-104760C92B95}.Ad-Hoc|ARM.ActiveCfg = Release|ARM
		{AC3E4F10-6615-4E16-BB0F-104760C92B95}.Ad-Hoc|ARM.Build.0 = Release|ARM
		{AC3E4F10-6615-4E16-BB0F-104760C92B95}.Ad-Hoc|iPhone.ActiveCfg = Release|Any CPU
		{AC3E4F10-6615-4E16-BB0F-104760C92B95}.Ad-Hoc|iPhone.Build.0 = Release|Any CPU
		{AC3E4F10-6615-4E16-BB0F-104760C92B95}.Ad-Hoc|iPhoneSimulator.ActiveCfg = Release|Any CPU
		{AC3E4F10-6615-4E16-BB0F-104760C92B95}.Ad-Hoc|iPhoneSimulator.Build.0 = Release|Any CPU
		{AC3E4F10-6615-4E16-BB0F-104760C92B95}.Ad-Hoc|x64.ActiveCfg = Release|x64
		{AC3E4F10-6615-4E16-BB0F-104760C92B95}.Ad-Hoc|x64.Build.0 = Release|x64
		{AC3E4F10-6615-4E16-BB0F-104760C92B95}.Ad-Hoc|x86.ActiveCfg = Release|x86
		{AC3E4F10-6615-4E16-BB0F-104760C92B95}.Ad-Hoc|x86.Build.0 = Release|x86
		{AC3E4F10-6615-4E16-BB0F-104760C92B95}.AppStore|Any CPU.ActiveCfg = Release|Any CPU
		{AC3E4F10-6615-4E16-BB0F-104760C92B95}.AppStore|Any CPU.Build.0 = Release|Any CPU
		{AC3E4F10-6615-4E16-BB0F-104760C92B95}.AppStore|ARM.ActiveCfg = Release|ARM
		{AC3E4F10-6615-4E16-BB0F-104760C92B95}.AppStore|ARM.Build.0 = Release|ARM
		{AC3E4F10-6615-4E16-BB0F-104760C92B95}.AppStore|iPhone.ActiveCfg = Release|Any CPU
		{AC3E4F10-6615-4E16-BB0F-104760C92B95}.AppStore|iPhone.Build.0 = Release|Any CPU
		{AC3E4F10-6615-4E16-BB0F-104760C92B95}.AppStore|iPhoneSimulator.ActiveCfg = Release|Any CPU
		{AC3E4F10-6615-4E16-BB0F-104760C92B95}.AppStore|iPhoneSimulator.Build.0 = Release|Any CPU
		{AC3E4F10-6615-4E16-BB0F-104760C92B95}.AppStore|x64.ActiveCfg = Release|x64
		{AC3E4F10-6615-4E16-BB0F-104760C92B95}.AppStore|x64.Build.0 = Release|x64
		{AC3E4F10-6615-4E16-BB0F-104760C92B95}.AppStore|x86.ActiveCfg = Release|x86
		{AC3E4F10-6615-4E16-BB0F-104760C92B95}.AppStore|x86.Build.0 = Release|x86
		{AC3E4F10-6615-4E16-BB0F-104760C92B95}.Debug|Any CPU.ActiveCfg = Debug|Any CPU
		{AC3E4F10-6615-4E16-BB0F-104760C92B95}.Debug|Any CPU.Build.0 = Debug|Any CPU
		{AC3E4F10-6615-4E16-BB0F-104760C92B95}.Debug|ARM.ActiveCfg = Debug|ARM
		{AC3E4F10-6615-4E16-BB0F-104760C92B95}.Debug|ARM.Build.0 = Debug|ARM
		{AC3E4F10-6615-4E16-BB0F-104760C92B95}.Debug|iPhone.ActiveCfg = Debug|Any CPU
		{AC3E4F10-6615-4E16-BB0F-104760C92B95}.Debug|iPhone.Build.0 = Debug|Any CPU
		{AC3E4F10-6615-4E16-BB0F-104760C92B95}.Debug|iPhoneSimulator.ActiveCfg = Debug|Any CPU
		{AC3E4F10-6615-4E16-BB0F-104760C92B95}.Debug|iPhoneSimulator.Build.0 = Debug|Any CPU
		{AC3E4F10-6615-4E16-BB0F-104760C92B95}.Debug|x64.ActiveCfg = Debug|x64
		{AC3E4F10-6615-4E16-BB0F-104760C92B95}.Debug|x64.Build.0 = Debug|x64
		{AC3E4F10-6615-4E16-BB0F-104760C92B95}.Debug|x86.ActiveCfg = Debug|x86
		{AC3E4F10-6615-4E16-BB0F-104760C92B95}.Debug|x86.Build.0 = Debug|x86
		{AC3E4F10-6615-4E16-BB0F-104760C92B95}.Release|Any CPU.ActiveCfg = Release|Any CPU
		{AC3E4F10-6615-4E16-BB0F-104760C92B95}.Release|Any CPU.Build.0 = Release|Any CPU
		{AC3E4F10-6615-4E16-BB0F-104760C92B95}.Release|ARM.ActiveCfg = Release|ARM
		{AC3E4F10-6615-4E16-BB0F-104760C92B95}.Release|ARM.Build.0 = Release|ARM
		{AC3E4F10-6615-4E16-BB0F-104760C92B95}.Release|iPhone.ActiveCfg = Release|Any CPU
		{AC3E4F10-6615-4E16-BB0F-104760C92B95}.Release|iPhone.Build.0 = Release|Any CPU
		{AC3E4F10-6615-4E16-BB0F-104760C92B95}.Release|iPhoneSimulator.ActiveCfg = Release|Any CPU
		{AC3E4F10-6615-4E16-BB0F-104760C92B95}.Release|iPhoneSimulator.Build.0 = Release|Any CPU
		{AC3E4F10-6615-4E16-BB0F-104760C92B95}.Release|x64.ActiveCfg = Release|x64
		{AC3E4F10-6615-4E16-BB0F-104760C92B95}.Release|x64.Build.0 = Release|x64
		{AC3E4F10-6615-4E16-BB0F-104760C92B95}.Release|x86.ActiveCfg = Release|x86
		{AC3E4F10-6615-4E16-BB0F-104760C92B95}.Release|x86.Build.0 = Release|x86
		{C660526A-1F45-4FBB-A2E5-E13F9BB54666}.Ad-Hoc|Any CPU.ActiveCfg = Release|Any CPU
		{C660526A-1F45-4FBB-A2E5-E13F9BB54666}.Ad-Hoc|Any CPU.Build.0 = Release|Any CPU
		{C660526A-1F45-4FBB-A2E5-E13F9BB54666}.Ad-Hoc|ARM.ActiveCfg = Release|ARM
		{C660526A-1F45-4FBB-A2E5-E13F9BB54666}.Ad-Hoc|ARM.Build.0 = Release|ARM
		{C660526A-1F45-4FBB-A2E5-E13F9BB54666}.Ad-Hoc|iPhone.ActiveCfg = Release|Any CPU
		{C660526A-1F45-4FBB-A2E5-E13F9BB54666}.Ad-Hoc|iPhone.Build.0 = Release|Any CPU
		{C660526A-1F45-4FBB-A2E5-E13F9BB54666}.Ad-Hoc|iPhoneSimulator.ActiveCfg = Release|Any CPU
		{C660526A-1F45-4FBB-A2E5-E13F9BB54666}.Ad-Hoc|iPhoneSimulator.Build.0 = Release|Any CPU
		{C660526A-1F45-4FBB-A2E5-E13F9BB54666}.Ad-Hoc|x64.ActiveCfg = Release|x64
		{C660526A-1F45-4FBB-A2E5-E13F9BB54666}.Ad-Hoc|x64.Build.0 = Release|x64
		{C660526A-1F45-4FBB-A2E5-E13F9BB54666}.Ad-Hoc|x86.ActiveCfg = Release|x86
		{C660526A-1F45-4FBB-A2E5-E13F9BB54666}.Ad-Hoc|x86.Build.0 = Release|x86
		{C660526A-1F45-4FBB-A2E5-E13F9BB54666}.AppStore|Any CPU.ActiveCfg = Release|Any CPU
		{C660526A-1F45-4FBB-A2E5-E13F9BB54666}.AppStore|Any CPU.Build.0 = Release|Any CPU
		{C660526A-1F45-4FBB-A2E5-E13F9BB54666}.AppStore|ARM.ActiveCfg = Release|ARM
		{C660526A-1F45-4FBB-A2E5-E13F9BB54666}.AppStore|ARM.Build.0 = Release|ARM
		{C660526A-1F45-4FBB-A2E5-E13F9BB54666}.AppStore|iPhone.ActiveCfg = Release|Any CPU
		{C660526A-1F45-4FBB-A2E5-E13F9BB54666}.AppStore|iPhone.Build.0 = Release|Any CPU
		{C660526A-1F45-4FBB-A2E5-E13F9BB54666}.AppStore|iPhoneSimulator.ActiveCfg = Release|Any CPU
		{C660526A-1F45-4FBB-A2E5-E13F9BB54666}.AppStore|iPhoneSimulator.Build.0 = Release|Any CPU
		{C660526A-1F45-4FBB-A2E5-E13F9BB54666}.AppStore|x64.ActiveCfg = Release|x64
		{C660526A-1F45-4FBB-A2E5-E13F9BB54666}.AppStore|x64.Build.0 = Release|x64
		{C660526A-1F45-4FBB-A2E5-E13F9BB54666}.AppStore|x86.ActiveCfg = Release|x86
		{C660526A-1F45-4FBB-A2E5-E13F9BB54666}.AppStore|x86.Build.0 = Release|x86
		{C660526A-1F45-4FBB-A2E5-E13F9BB54666}.Debug|Any CPU.ActiveCfg = Debug|Any CPU
		{C660526A-1F45-4FBB-A2E5-E13F9BB54666}.Debug|Any CPU.Build.0 = Debug|Any CPU
		{C660526A-1F45-4FBB-A2E5-E13F9BB54666}.Debug|ARM.ActiveCfg = Debug|ARM
		{C660526A-1F45-4FBB-A2E5-E13F9BB54666}.Debug|ARM.Build.0 = Debug|ARM
		{C660526A-1F45-4FBB-A2E5-E13F9BB54666}.Debug|iPhone.ActiveCfg = Debug|Any CPU
		{C660526A-1F45-4FBB-A2E5-E13F9BB54666}.Debug|iPhone.Build.0 = Debug|Any CPU
		{C660526A-1F45-4FBB-A2E5-E13F9BB54666}.Debug|iPhoneSimulator.ActiveCfg = Debug|Any CPU
		{C660526A-1F45-4FBB-A2E5-E13F9BB54666}.Debug|iPhoneSimulator.Build.0 = Debug|Any CPU
		{C660526A-1F45-4FBB-A2E5-E13F9BB54666}.Debug|x64.ActiveCfg = Debug|x64
		{C660526A-1F45-4FBB-A2E5-E13F9BB54666}.Debug|x64.Build.0 = Debug|x64
		{C660526A-1F45-4FBB-A2E5-E13F9BB54666}.Debug|x86.ActiveCfg = Debug|x86
		{C660526A-1F45-4FBB-A2E5-E13F9BB54666}.Debug|x86.Build.0 = Debug|x86
		{C660526A-1F45-4FBB-A2E5-E13F9BB54666}.Release|Any CPU.ActiveCfg = Release|Any CPU
		{C660526A-1F45-4FBB-A2E5-E13F9BB54666}.Release|Any CPU.Build.0 = Release|Any CPU
		{C660526A-1F45-4FBB-A2E5-E13F9BB54666}.Release|ARM.ActiveCfg = Release|ARM
		{C660526A-1F45-4FBB-A2E5-E13F9BB54666}.Release|ARM.Build.0 = Release|ARM
		{C660526A-1F45-4FBB-A2E5-E13F9BB54666}.Release|iPhone.ActiveCfg = Release|Any CPU
		{C660526A-1F45-4FBB-A2E5-E13F9BB54666}.Release|iPhone.Build.0 = Release|Any CPU
		{C660526A-1F45-4FBB-A2E5-E13F9BB54666}.Release|iPhoneSimulator.ActiveCfg = Release|Any CPU
		{C660526A-1F45-4FBB-A2E5-E13F9BB54666}.Release|iPhoneSimulator.Build.0 = Release|Any CPU
		{C660526A-1F45-4FBB-A2E5-E13F9BB54666}.Release|x64.ActiveCfg = Release|x64
		{C660526A-1F45-4FBB-A2E5-E13F9BB54666}.Release|x64.Build.0 = Release|x64
		{C660526A-1F45-4FBB-A2E5-E13F9BB54666}.Release|x86.ActiveCfg = Release|x86
		{C660526A-1F45-4FBB-A2E5-E13F9BB54666}.Release|x86.Build.0 = Release|x86
	EndGlobalSection
	GlobalSection(SolutionProperties) = preSolution
		HideSolutionNode = FALSE
	EndGlobalSection
	GlobalSection(NestedProjects) = preSolution
		{3C5CA5BD-64F0-442A-9AFE-B76B66949584} = {05A12AC6-7E62-45D5-9BC7-E20E8CF3799A}
		{7AC33700-35EF-4A65-9A79-EC38DB0E3373} = {2DCDC228-7926-4B6E-9560-F068F72954B5}
		{361195A9-C85A-4EA1-BF49-4A861B7BC7CA} = {A82BB54C-3268-4D53-8694-E119865C2E4D}
		{1E180038-8CD3-4006-8780-F7707AE100D4} = {A82BB54C-3268-4D53-8694-E119865C2E4D}
		{159A4E13-8EAD-44C7-8506-094E11A28BAC} = {05A12AC6-7E62-45D5-9BC7-E20E8CF3799A}
		{DD16BD05-BEBF-4672-B388-20965D73817B} = {05A12AC6-7E62-45D5-9BC7-E20E8CF3799A}
		{44C3FBD8-3C53-4334-8593-819E64A2C98A} = {05A12AC6-7E62-45D5-9BC7-E20E8CF3799A}
		{6BDADAD2-B0B3-489E-B2DA-E1B9CF68A787} = {37CDC8DC-F8DC-4293-A88F-1BCD20000DCF}
		{B159244C-199D-49B4-93F8-FAC12DE5D52A} = {A82BB54C-3268-4D53-8694-E119865C2E4D}
		{8575E8FB-ECC7-4DF5-B202-C72A73EABF71} = {B107CD84-18F8-4FAF-AC41-0889BEDEE143}
		{5F89C8FF-5259-49A1-A718-B98CC3D80B19} = {B107CD84-18F8-4FAF-AC41-0889BEDEE143}
		{C046CCF6-1B5F-4662-B3DC-AA195FF97CE8} = {B107CD84-18F8-4FAF-AC41-0889BEDEE143}
		{97E11751-36C4-49A4-A828-DF731013CB91} = {37CDC8DC-F8DC-4293-A88F-1BCD20000DCF}
		{AC3E4F10-6615-4E16-BB0F-104760C92B95} = {37CDC8DC-F8DC-4293-A88F-1BCD20000DCF}
		{C660526A-1F45-4FBB-A2E5-E13F9BB54666} = {37CDC8DC-F8DC-4293-A88F-1BCD20000DCF}
	EndGlobalSection
EndGlobal
